
Microsoft Visual Studio Solution File, Format Version 12.00
# Visual Studio 2013
VisualStudioVersion = 12.0.31101.0
MinimumVisualStudioVersion = 10.0.40219.1
Project("{2150E333-8FDC-42A3-9474-1A3956D46DE8}") = "MordenUI", "MordenUI", "{F09E3EF1-D3B2-4BD0-9943-2ACBE54FC223}"
EndProject
Project("{2150E333-8FDC-42A3-9474-1A3956D46DE8}") = "ItemTemplates", "ItemTemplates", "{182752AA-DD79-4638-A082-9BF2762F3D38}"
EndProject
Project("{2150E333-8FDC-42A3-9474-1A3956D46DE8}") = "ProjectTemplates", "ProjectTemplates", "{41B7D1B2-C0CD-434F-8C6D-715269F1F944}"
EndProject
Project("{2150E333-8FDC-42A3-9474-1A3956D46DE8}") = "Silverlight5", "Silverlight5", "{ABD083F4-B395-4EF5-BD48-CD7CFFE66FFD}"
EndProject
Project("{2150E333-8FDC-42A3-9474-1A3956D46DE8}") = "WPF", "WPF", "{A49B28A2-54D9-4A05-9581-7A5B06A187ED}"
EndProject
Project("{2150E333-8FDC-42A3-9474-1A3956D46DE8}") = "WP8", "WP8", "{DF8EF729-EA52-4966-8F92-EC86CC34E141}"
EndProject
Project("{2150E333-8FDC-42A3-9474-1A3956D46DE8}") = "ProjectTemplates", "ProjectTemplates", "{A1245754-F921-4D15-99E2-D9544F335ADF}"
EndProject
Project("{2150E333-8FDC-42A3-9474-1A3956D46DE8}") = "ItemTemplates", "ItemTemplates", "{691D3AE2-DA3D-4B94-BA84-4174EA39FCBB}"
EndProject
Project("{2150E333-8FDC-42A3-9474-1A3956D46DE8}") = "ItemTemplates", "ItemTemplates", "{28DB593D-1FC5-40D6-8466-4FD1248A08B3}"
EndProject
Project("{2150E333-8FDC-42A3-9474-1A3956D46DE8}") = "ProjectTemplates", "ProjectTemplates", "{0A551F96-29C1-4DD5-B1D5-3E2A5DEDDD35}"
EndProject
Project("{2150E333-8FDC-42A3-9474-1A3956D46DE8}") = "AllPlatform", "AllPlatform", "{4038ABCC-99DE-415D-9527-CD10FE6A9C75}"
EndProject
Project("{2150E333-8FDC-42A3-9474-1A3956D46DE8}") = "ItemTemplates", "ItemTemplates", "{15335447-ED36-48B4-A6BB-5E13008C9446}"
EndProject
Project("{2150E333-8FDC-42A3-9474-1A3956D46DE8}") = "ProjectTemplates", "ProjectTemplates", "{11691C1D-2BD1-45D0-BF5B-1789CEEB4B4F}"
EndProject
Project("{2150E333-8FDC-42A3-9474-1A3956D46DE8}") = "ItemTemplates", "ItemTemplates", "{C8A5D92A-4056-40B4-8699-048B1A0E43D1}"
EndProject
Project("{FAE04EC0-301F-11D3-BF4B-00C04F79EFBC}") = "MVVMSidekickVSIX", "MVVMSidekickVSIX\MVVMSidekickVSIX.csproj", "{8B039DE9-9B75-457B-92BF-80747EF62D4C}"
	ProjectSection(ProjectDependencies) = postProject
		{F95F551C-F908-4EE2-BBC3-E2EF3AFA67D1} = {F95F551C-F908-4EE2-BBC3-E2EF3AFA67D1}
		{2965541D-1A12-47EB-BC37-B0372B163501} = {2965541D-1A12-47EB-BC37-B0372B163501}
		{EC3DB155-7B80-4AA9-8CDB-972420780B65} = {EC3DB155-7B80-4AA9-8CDB-972420780B65}
		{EACC1759-0632-4734-AFA0-0E9B987246EC} = {EACC1759-0632-4734-AFA0-0E9B987246EC}
		{BB03E270-C1D8-4FEB-A5C9-71DD0C4E41AA} = {BB03E270-C1D8-4FEB-A5C9-71DD0C4E41AA}
		{19670495-C68E-4BAA-B08B-214E190632F8} = {19670495-C68E-4BAA-B08B-214E190632F8}
		{8CB376AD-6235-491C-A445-5AC3D4F726C3} = {8CB376AD-6235-491C-A445-5AC3D4F726C3}
		{358C3BC2-E103-4775-A706-3853649C5F92} = {358C3BC2-E103-4775-A706-3853649C5F92}
		{859764D6-8999-4C14-9D5D-4EA9E613642F} = {859764D6-8999-4C14-9D5D-4EA9E613642F}
		{4287A6DE-C8DF-415B-A3C0-D47E0231EE19} = {4287A6DE-C8DF-415B-A3C0-D47E0231EE19}
		{2B122EEE-1F9C-404C-ACFB-A9AFD2EF4738} = {2B122EEE-1F9C-404C-ACFB-A9AFD2EF4738}
		{886C60FB-EDBD-4C3E-8D00-418579E24794} = {886C60FB-EDBD-4C3E-8D00-418579E24794}
		{3376BFFB-C7EE-4EDE-B082-7C27EC9D3A62} = {3376BFFB-C7EE-4EDE-B082-7C27EC9D3A62}
	EndProjectSection
EndProject
Project("{FAE04EC0-301F-11D3-BF4B-00C04F79EFBC}") = "MVVMSidekickApplication.WPF", "MVVMSidekickApplication.WPF\MVVMSidekickApplication.WPF.csproj", "{886C60FB-EDBD-4C3E-8D00-418579E24794}"
EndProject
Project("{FAE04EC0-301F-11D3-BF4B-00C04F79EFBC}") = "MVVMSidekickViewWithVM.WPF", "MVVMSidekickViewWithVM.WPF\MVVMSidekickViewWithVM.WPF.csproj", "{2965541D-1A12-47EB-BC37-B0372B163501}"
EndProject
Project("{FAE04EC0-301F-11D3-BF4B-00C04F79EFBC}") = "MVVMSidekickSilverlightApplication.SL5", "MVVMSidekickSilverlightApplication.SL5\MVVMSidekickSilverlightApplication.SL5.csproj", "{EACC1759-0632-4734-AFA0-0E9B987246EC}"
EndProject
Project("{FAE04EC0-301F-11D3-BF4B-00C04F79EFBC}") = "MVVMSidekickViewWithVM.SL5", "MVVMSidekickViewWithVM.SL5\MVVMSidekickViewWithVM.SL5.csproj", "{358C3BC2-E103-4775-A706-3853649C5F92}"
EndProject
Project("{FAE04EC0-301F-11D3-BF4B-00C04F79EFBC}") = "MVVMSidekickWindowsPhoneApplication.WP8", "MVVMSidekickWindowsPhoneApplication.WP8\MVVMSidekickWindowsPhoneApplication.WP8.csproj", "{3376BFFB-C7EE-4EDE-B082-7C27EC9D3A62}"
EndProject
Project("{FAE04EC0-301F-11D3-BF4B-00C04F79EFBC}") = "MVVMSidekickViewWithVM.WP8", "MVVMSidekickViewWithVM.WP8\MVVMSidekickViewWithVM.WP8.csproj", "{EC3DB155-7B80-4AA9-8CDB-972420780B65}"
EndProject
Project("{FAE04EC0-301F-11D3-BF4B-00C04F79EFBC}") = "MVVMSidekickViewWithVM", "MVVMSidekickViewWithVM_80\MVVMSidekickViewWithVM.csproj", "{859764D6-8999-4C14-9D5D-4EA9E613642F}"
EndProject
Project("{FAE04EC0-301F-11D3-BF4B-00C04F79EFBC}") = "MVVMSidekickViewWithVM_81", "MVVMSidekickViewWithVM_81\MVVMSidekickViewWithVM_81.csproj", "{4287A6DE-C8DF-415B-A3C0-D47E0231EE19}"
EndProject
Project("{FAE04EC0-301F-11D3-BF4B-00C04F79EFBC}") = "MVVMSidekickBlankApp_RT", "MVVMSidekickBlankApp_RT\MVVMSidekickBlankApp_RT.csproj", "{19670495-C68E-4BAA-B08B-214E190632F8}"
EndProject
Project("{FAE04EC0-301F-11D3-BF4B-00C04F79EFBC}") = "MVVMSidekickBlankApp_RT_81", "MVVMSidekickBlankApp_RT_81\MVVMSidekickBlankApp_RT_81.csproj", "{BB03E270-C1D8-4FEB-A5C9-71DD0C4E41AA}"
EndProject
Project("{2150E333-8FDC-42A3-9474-1A3956D46DE8}") = "WPRT8.1", "WPRT8.1", "{31E97E11-6305-4C66-B7E0-AA0D18EA6B24}"
EndProject
Project("{2150E333-8FDC-42A3-9474-1A3956D46DE8}") = "ItemTemplates", "ItemTemplates", "{4DC0D0A2-AD0F-42EF-9795-458696E4B540}"
EndProject
Project("{2150E333-8FDC-42A3-9474-1A3956D46DE8}") = "ProjectTemplates", "ProjectTemplates", "{0C7EB2B6-E811-43F9-9F92-D983CF90CAA0}"
EndProject
Project("{FAE04EC0-301F-11D3-BF4B-00C04F79EFBC}") = "MVVMSidekickViewWithVM.WPA81", "MVVMSidekickViewWithVM.WPA81\MVVMSidekickViewWithVM.WPA81.csproj", "{8CB376AD-6235-491C-A445-5AC3D4F726C3}"
EndProject
Project("{FAE04EC0-301F-11D3-BF4B-00C04F79EFBC}") = "MVVMSidekickWindowsPhoneApplication.WPA81", "MVVMSidekickWindowsPhoneApplication.WPA81\MVVMSidekickWindowsPhoneApplication.WPA81.csproj", "{F95F551C-F908-4EE2-BBC3-E2EF3AFA67D1}"
EndProject
Project("{2150E333-8FDC-42A3-9474-1A3956D46DE8}") = "Universal", "Universal", "{4EFF1177-ECB2-4B4A-BF97-55CD93993A3C}"
EndProject
Project("{2150E333-8FDC-42A3-9474-1A3956D46DE8}") = "ProjectTemplates", "ProjectTemplates", "{7E212FF5-7E26-4038-819D-AEB81E239478}"
EndProject
Project("{FAE04EC0-301F-11D3-BF4B-00C04F79EFBC}") = "MVVMSidekickUniversalApplication", "MVVMSidekickUniversalApplication\MVVMSidekickUniversalApplication.csproj", "{2B122EEE-1F9C-404C-ACFB-A9AFD2EF4738}"
EndProject
Global
	GlobalSection(SolutionConfigurationPlatforms) = preSolution
		Debug|Any CPU = Debug|Any CPU
		Debug|ARM = Debug|ARM
		Debug|x64 = Debug|x64
		Debug|x86 = Debug|x86
		Release|Any CPU = Release|Any CPU
		Release|ARM = Release|ARM
		Release|x64 = Release|x64
		Release|x86 = Release|x86
	EndGlobalSection
	GlobalSection(ProjectConfigurationPlatforms) = postSolution
		{8B039DE9-9B75-457B-92BF-80747EF62D4C}.Debug|Any CPU.ActiveCfg = Debug|Any CPU
		{8B039DE9-9B75-457B-92BF-80747EF62D4C}.Debug|Any CPU.Build.0 = Debug|Any CPU
		{8B039DE9-9B75-457B-92BF-80747EF62D4C}.Debug|ARM.ActiveCfg = Debug|Any CPU
		{8B039DE9-9B75-457B-92BF-80747EF62D4C}.Debug|x64.ActiveCfg = Debug|Any CPU
		{8B039DE9-9B75-457B-92BF-80747EF62D4C}.Debug|x86.ActiveCfg = Debug|Any CPU
		{8B039DE9-9B75-457B-92BF-80747EF62D4C}.Release|Any CPU.ActiveCfg = Release|Any CPU
		{8B039DE9-9B75-457B-92BF-80747EF62D4C}.Release|Any CPU.Build.0 = Release|Any CPU
		{8B039DE9-9B75-457B-92BF-80747EF62D4C}.Release|ARM.ActiveCfg = Release|Any CPU
		{8B039DE9-9B75-457B-92BF-80747EF62D4C}.Release|x64.ActiveCfg = Release|Any CPU
		{8B039DE9-9B75-457B-92BF-80747EF62D4C}.Release|x86.ActiveCfg = Release|Any CPU
		{886C60FB-EDBD-4C3E-8D00-418579E24794}.Debug|Any CPU.ActiveCfg = Debug|Any CPU
		{886C60FB-EDBD-4C3E-8D00-418579E24794}.Debug|Any CPU.Build.0 = Debug|Any CPU
		{886C60FB-EDBD-4C3E-8D00-418579E24794}.Debug|ARM.ActiveCfg = Debug|Any CPU
		{886C60FB-EDBD-4C3E-8D00-418579E24794}.Debug|x64.ActiveCfg = Debug|Any CPU
		{886C60FB-EDBD-4C3E-8D00-418579E24794}.Debug|x86.ActiveCfg = Debug|Any CPU
		{886C60FB-EDBD-4C3E-8D00-418579E24794}.Release|Any CPU.ActiveCfg = Release|Any CPU
		{886C60FB-EDBD-4C3E-8D00-418579E24794}.Release|Any CPU.Build.0 = Release|Any CPU
		{886C60FB-EDBD-4C3E-8D00-418579E24794}.Release|ARM.ActiveCfg = Release|Any CPU
		{886C60FB-EDBD-4C3E-8D00-418579E24794}.Release|x64.ActiveCfg = Release|Any CPU
		{886C60FB-EDBD-4C3E-8D00-418579E24794}.Release|x86.ActiveCfg = Release|Any CPU
		{2965541D-1A12-47EB-BC37-B0372B163501}.Debug|Any CPU.ActiveCfg = Debug|Any CPU
		{2965541D-1A12-47EB-BC37-B0372B163501}.Debug|Any CPU.Build.0 = Debug|Any CPU
		{2965541D-1A12-47EB-BC37-B0372B163501}.Debug|ARM.ActiveCfg = Debug|Any CPU
		{2965541D-1A12-47EB-BC37-B0372B163501}.Debug|x64.ActiveCfg = Debug|Any CPU
		{2965541D-1A12-47EB-BC37-B0372B163501}.Debug|x86.ActiveCfg = Debug|Any CPU
		{2965541D-1A12-47EB-BC37-B0372B163501}.Release|Any CPU.ActiveCfg = Release|Any CPU
		{2965541D-1A12-47EB-BC37-B0372B163501}.Release|Any CPU.Build.0 = Release|Any CPU
		{2965541D-1A12-47EB-BC37-B0372B163501}.Release|ARM.ActiveCfg = Release|Any CPU
		{2965541D-1A12-47EB-BC37-B0372B163501}.Release|x64.ActiveCfg = Release|Any CPU
		{2965541D-1A12-47EB-BC37-B0372B163501}.Release|x86.ActiveCfg = Release|Any CPU
		{EACC1759-0632-4734-AFA0-0E9B987246EC}.Debug|Any CPU.ActiveCfg = Debug|Any CPU
		{EACC1759-0632-4734-AFA0-0E9B987246EC}.Debug|Any CPU.Build.0 = Debug|Any CPU
		{EACC1759-0632-4734-AFA0-0E9B987246EC}.Debug|ARM.ActiveCfg = Debug|Any CPU
		{EACC1759-0632-4734-AFA0-0E9B987246EC}.Debug|x64.ActiveCfg = Debug|Any CPU
		{EACC1759-0632-4734-AFA0-0E9B987246EC}.Debug|x86.ActiveCfg = Debug|Any CPU
		{EACC1759-0632-4734-AFA0-0E9B987246EC}.Release|Any CPU.ActiveCfg = Release|Any CPU
		{EACC1759-0632-4734-AFA0-0E9B987246EC}.Release|Any CPU.Build.0 = Release|Any CPU
		{EACC1759-0632-4734-AFA0-0E9B987246EC}.Release|ARM.ActiveCfg = Release|Any CPU
		{EACC1759-0632-4734-AFA0-0E9B987246EC}.Release|x64.ActiveCfg = Release|Any CPU
		{EACC1759-0632-4734-AFA0-0E9B987246EC}.Release|x86.ActiveCfg = Release|Any CPU
		{358C3BC2-E103-4775-A706-3853649C5F92}.Debug|Any CPU.ActiveCfg = Debug|Any CPU
		{358C3BC2-E103-4775-A706-3853649C5F92}.Debug|Any CPU.Build.0 = Debug|Any CPU
		{358C3BC2-E103-4775-A706-3853649C5F92}.Debug|ARM.ActiveCfg = Debug|Any CPU
		{358C3BC2-E103-4775-A706-3853649C5F92}.Debug|x64.ActiveCfg = Debug|Any CPU
		{358C3BC2-E103-4775-A706-3853649C5F92}.Debug|x86.ActiveCfg = Debug|Any CPU
		{358C3BC2-E103-4775-A706-3853649C5F92}.Release|Any CPU.ActiveCfg = Release|Any CPU
		{358C3BC2-E103-4775-A706-3853649C5F92}.Release|Any CPU.Build.0 = Release|Any CPU
		{358C3BC2-E103-4775-A706-3853649C5F92}.Release|ARM.ActiveCfg = Release|Any CPU
		{358C3BC2-E103-4775-A706-3853649C5F92}.Release|x64.ActiveCfg = Release|Any CPU
		{358C3BC2-E103-4775-A706-3853649C5F92}.Release|x86.ActiveCfg = Release|Any CPU
		{3376BFFB-C7EE-4EDE-B082-7C27EC9D3A62}.Debug|Any CPU.ActiveCfg = Debug|Any CPU
		{3376BFFB-C7EE-4EDE-B082-7C27EC9D3A62}.Debug|Any CPU.Build.0 = Debug|Any CPU
		{3376BFFB-C7EE-4EDE-B082-7C27EC9D3A62}.Debug|ARM.ActiveCfg = Debug|Any CPU
		{3376BFFB-C7EE-4EDE-B082-7C27EC9D3A62}.Debug|x64.ActiveCfg = Debug|Any CPU
		{3376BFFB-C7EE-4EDE-B082-7C27EC9D3A62}.Debug|x86.ActiveCfg = Debug|Any CPU
		{3376BFFB-C7EE-4EDE-B082-7C27EC9D3A62}.Release|Any CPU.ActiveCfg = Release|Any CPU
		{3376BFFB-C7EE-4EDE-B082-7C27EC9D3A62}.Release|Any CPU.Build.0 = Release|Any CPU
		{3376BFFB-C7EE-4EDE-B082-7C27EC9D3A62}.Release|ARM.ActiveCfg = Release|Any CPU
		{3376BFFB-C7EE-4EDE-B082-7C27EC9D3A62}.Release|x64.ActiveCfg = Release|Any CPU
		{3376BFFB-C7EE-4EDE-B082-7C27EC9D3A62}.Release|x86.ActiveCfg = Release|Any CPU
		{EC3DB155-7B80-4AA9-8CDB-972420780B65}.Debug|Any CPU.ActiveCfg = Debug|Any CPU
		{EC3DB155-7B80-4AA9-8CDB-972420780B65}.Debug|Any CPU.Build.0 = Debug|Any CPU
		{EC3DB155-7B80-4AA9-8CDB-972420780B65}.Debug|ARM.ActiveCfg = Debug|Any CPU
		{EC3DB155-7B80-4AA9-8CDB-972420780B65}.Debug|x64.ActiveCfg = Debug|Any CPU
		{EC3DB155-7B80-4AA9-8CDB-972420780B65}.Debug|x86.ActiveCfg = Debug|Any CPU
		{EC3DB155-7B80-4AA9-8CDB-972420780B65}.Release|Any CPU.ActiveCfg = Release|Any CPU
		{EC3DB155-7B80-4AA9-8CDB-972420780B65}.Release|Any CPU.Build.0 = Release|Any CPU
		{EC3DB155-7B80-4AA9-8CDB-972420780B65}.Release|ARM.ActiveCfg = Release|Any CPU
		{EC3DB155-7B80-4AA9-8CDB-972420780B65}.Release|x64.ActiveCfg = Release|Any CPU
		{EC3DB155-7B80-4AA9-8CDB-972420780B65}.Release|x86.ActiveCfg = Release|Any CPU
		{859764D6-8999-4C14-9D5D-4EA9E613642F}.Debug|Any CPU.ActiveCfg = Debug|Any CPU
		{859764D6-8999-4C14-9D5D-4EA9E613642F}.Debug|Any CPU.Build.0 = Debug|Any CPU
		{859764D6-8999-4C14-9D5D-4EA9E613642F}.Debug|ARM.ActiveCfg = Debug|Any CPU
		{859764D6-8999-4C14-9D5D-4EA9E613642F}.Debug|x64.ActiveCfg = Debug|Any CPU
		{859764D6-8999-4C14-9D5D-4EA9E613642F}.Debug|x86.ActiveCfg = Debug|Any CPU
		{859764D6-8999-4C14-9D5D-4EA9E613642F}.Release|Any CPU.ActiveCfg = Release|Any CPU
		{859764D6-8999-4C14-9D5D-4EA9E613642F}.Release|Any CPU.Build.0 = Release|Any CPU
		{859764D6-8999-4C14-9D5D-4EA9E613642F}.Release|ARM.ActiveCfg = Release|Any CPU
		{859764D6-8999-4C14-9D5D-4EA9E613642F}.Release|x64.ActiveCfg = Release|Any CPU
		{859764D6-8999-4C14-9D5D-4EA9E613642F}.Release|x86.ActiveCfg = Release|Any CPU
		{4287A6DE-C8DF-415B-A3C0-D47E0231EE19}.Debug|Any CPU.ActiveCfg = Debug|Any CPU
		{4287A6DE-C8DF-415B-A3C0-D47E0231EE19}.Debug|Any CPU.Build.0 = Debug|Any CPU
		{4287A6DE-C8DF-415B-A3C0-D47E0231EE19}.Debug|ARM.ActiveCfg = Debug|Any CPU
		{4287A6DE-C8DF-415B-A3C0-D47E0231EE19}.Debug|x64.ActiveCfg = Debug|Any CPU
		{4287A6DE-C8DF-415B-A3C0-D47E0231EE19}.Debug|x86.ActiveCfg = Debug|Any CPU
		{4287A6DE-C8DF-415B-A3C0-D47E0231EE19}.Release|Any CPU.ActiveCfg = Release|Any CPU
		{4287A6DE-C8DF-415B-A3C0-D47E0231EE19}.Release|Any CPU.Build.0 = Release|Any CPU
		{4287A6DE-C8DF-415B-A3C0-D47E0231EE19}.Release|ARM.ActiveCfg = Release|Any CPU
		{4287A6DE-C8DF-415B-A3C0-D47E0231EE19}.Release|x64.ActiveCfg = Release|Any CPU
		{4287A6DE-C8DF-415B-A3C0-D47E0231EE19}.Release|x86.ActiveCfg = Release|Any CPU
		{19670495-C68E-4BAA-B08B-214E190632F8}.Debug|Any CPU.ActiveCfg = Debug|Any CPU
		{19670495-C68E-4BAA-B08B-214E190632F8}.Debug|Any CPU.Build.0 = Debug|Any CPU
		{19670495-C68E-4BAA-B08B-214E190632F8}.Debug|ARM.ActiveCfg = Debug|Any CPU
		{19670495-C68E-4BAA-B08B-214E190632F8}.Debug|x64.ActiveCfg = Debug|Any CPU
		{19670495-C68E-4BAA-B08B-214E190632F8}.Debug|x86.ActiveCfg = Debug|Any CPU
		{19670495-C68E-4BAA-B08B-214E190632F8}.Release|Any CPU.ActiveCfg = Release|Any CPU
		{19670495-C68E-4BAA-B08B-214E190632F8}.Release|Any CPU.Build.0 = Release|Any CPU
		{19670495-C68E-4BAA-B08B-214E190632F8}.Release|ARM.ActiveCfg = Release|Any CPU
		{19670495-C68E-4BAA-B08B-214E190632F8}.Release|x64.ActiveCfg = Release|Any CPU
		{19670495-C68E-4BAA-B08B-214E190632F8}.Release|x86.ActiveCfg = Release|Any CPU
		{BB03E270-C1D8-4FEB-A5C9-71DD0C4E41AA}.Debug|Any CPU.ActiveCfg = Debug|Any CPU
		{BB03E270-C1D8-4FEB-A5C9-71DD0C4E41AA}.Debug|Any CPU.Build.0 = Debug|Any CPU
		{BB03E270-C1D8-4FEB-A5C9-71DD0C4E41AA}.Debug|ARM.ActiveCfg = Debug|Any CPU
		{BB03E270-C1D8-4FEB-A5C9-71DD0C4E41AA}.Debug|x64.ActiveCfg = Debug|Any CPU
		{BB03E270-C1D8-4FEB-A5C9-71DD0C4E41AA}.Debug|x86.ActiveCfg = Debug|Any CPU
		{BB03E270-C1D8-4FEB-A5C9-71DD0C4E41AA}.Release|Any CPU.ActiveCfg = Release|Any CPU
		{BB03E270-C1D8-4FEB-A5C9-71DD0C4E41AA}.Release|Any CPU.Build.0 = Release|Any CPU
		{BB03E270-C1D8-4FEB-A5C9-71DD0C4E41AA}.Release|ARM.ActiveCfg = Release|Any CPU
		{BB03E270-C1D8-4FEB-A5C9-71DD0C4E41AA}.Release|x64.ActiveCfg = Release|Any CPU
		{BB03E270-C1D8-4FEB-A5C9-71DD0C4E41AA}.Release|x86.ActiveCfg = Release|Any CPU
		{8CB376AD-6235-491C-A445-5AC3D4F726C3}.Debug|Any CPU.ActiveCfg = Debug|Any CPU
		{8CB376AD-6235-491C-A445-5AC3D4F726C3}.Debug|Any CPU.Build.0 = Debug|Any CPU
		{8CB376AD-6235-491C-A445-5AC3D4F726C3}.Debug|ARM.ActiveCfg = Debug|Any CPU
		{8CB376AD-6235-491C-A445-5AC3D4F726C3}.Debug|x64.ActiveCfg = Debug|Any CPU
		{8CB376AD-6235-491C-A445-5AC3D4F726C3}.Debug|x86.ActiveCfg = Debug|Any CPU
		{8CB376AD-6235-491C-A445-5AC3D4F726C3}.Release|Any CPU.ActiveCfg = Release|Any CPU
		{8CB376AD-6235-491C-A445-5AC3D4F726C3}.Release|Any CPU.Build.0 = Release|Any CPU
		{8CB376AD-6235-491C-A445-5AC3D4F726C3}.Release|ARM.ActiveCfg = Release|Any CPU
		{8CB376AD-6235-491C-A445-5AC3D4F726C3}.Release|x64.ActiveCfg = Release|Any CPU
		{8CB376AD-6235-491C-A445-5AC3D4F726C3}.Release|x86.ActiveCfg = Release|Any CPU
		{F95F551C-F908-4EE2-BBC3-E2EF3AFA67D1}.Debug|Any CPU.ActiveCfg = Debug|Any CPU
		{F95F551C-F908-4EE2-BBC3-E2EF3AFA67D1}.Debug|Any CPU.Build.0 = Debug|Any CPU
		{F95F551C-F908-4EE2-BBC3-E2EF3AFA67D1}.Debug|ARM.ActiveCfg = Debug|Any CPU
		{F95F551C-F908-4EE2-BBC3-E2EF3AFA67D1}.Debug|x64.ActiveCfg = Debug|Any CPU
		{F95F551C-F908-4EE2-BBC3-E2EF3AFA67D1}.Debug|x86.ActiveCfg = Debug|Any CPU
		{F95F551C-F908-4EE2-BBC3-E2EF3AFA67D1}.Release|Any CPU.ActiveCfg = Release|Any CPU
		{F95F551C-F908-4EE2-BBC3-E2EF3AFA67D1}.Release|Any CPU.Build.0 = Release|Any CPU
		{F95F551C-F908-4EE2-BBC3-E2EF3AFA67D1}.Release|ARM.ActiveCfg = Release|Any CPU
		{F95F551C-F908-4EE2-BBC3-E2EF3AFA67D1}.Release|x64.ActiveCfg = Release|Any CPU
		{F95F551C-F908-4EE2-BBC3-E2EF3AFA67D1}.Release|x86.ActiveCfg = Release|Any CPU
		{2B122EEE-1F9C-404C-ACFB-A9AFD2EF4738}.Debug|Any CPU.ActiveCfg = Debug|Any CPU
		{2B122EEE-1F9C-404C-ACFB-A9AFD2EF4738}.Debug|Any CPU.Build.0 = Debug|Any CPU
		{2B122EEE-1F9C-404C-ACFB-A9AFD2EF4738}.Debug|ARM.ActiveCfg = Debug|Any CPU
		{2B122EEE-1F9C-404C-ACFB-A9AFD2EF4738}.Debug|x64.ActiveCfg = Debug|Any CPU
		{2B122EEE-1F9C-404C-ACFB-A9AFD2EF4738}.Debug|x86.ActiveCfg = Debug|Any CPU
		{2B122EEE-1F9C-404C-ACFB-A9AFD2EF4738}.Release|Any CPU.ActiveCfg = Release|Any CPU
		{2B122EEE-1F9C-404C-ACFB-A9AFD2EF4738}.Release|Any CPU.Build.0 = Release|Any CPU
		{2B122EEE-1F9C-404C-ACFB-A9AFD2EF4738}.Release|ARM.ActiveCfg = Release|Any CPU
		{2B122EEE-1F9C-404C-ACFB-A9AFD2EF4738}.Release|x64.ActiveCfg = Release|Any CPU
		{2B122EEE-1F9C-404C-ACFB-A9AFD2EF4738}.Release|x86.ActiveCfg = Release|Any CPU
	EndGlobalSection
	GlobalSection(SolutionProperties) = preSolution
		HideSolutionNode = FALSE
	EndGlobalSection
	GlobalSection(NestedProjects) = preSolution
		{182752AA-DD79-4638-A082-9BF2762F3D38} = {F09E3EF1-D3B2-4BD0-9943-2ACBE54FC223}
		{41B7D1B2-C0CD-434F-8C6D-715269F1F944} = {F09E3EF1-D3B2-4BD0-9943-2ACBE54FC223}
		{A1245754-F921-4D15-99E2-D9544F335ADF} = {A49B28A2-54D9-4A05-9581-7A5B06A187ED}
		{691D3AE2-DA3D-4B94-BA84-4174EA39FCBB} = {A49B28A2-54D9-4A05-9581-7A5B06A187ED}
		{28DB593D-1FC5-40D6-8466-4FD1248A08B3} = {ABD083F4-B395-4EF5-BD48-CD7CFFE66FFD}
		{0A551F96-29C1-4DD5-B1D5-3E2A5DEDDD35} = {ABD083F4-B395-4EF5-BD48-CD7CFFE66FFD}
		{15335447-ED36-48B4-A6BB-5E13008C9446} = {4038ABCC-99DE-415D-9527-CD10FE6A9C75}
		{11691C1D-2BD1-45D0-BF5B-1789CEEB4B4F} = {DF8EF729-EA52-4966-8F92-EC86CC34E141}
		{C8A5D92A-4056-40B4-8699-048B1A0E43D1} = {DF8EF729-EA52-4966-8F92-EC86CC34E141}
		{886C60FB-EDBD-4C3E-8D00-418579E24794} = {A1245754-F921-4D15-99E2-D9544F335ADF}
		{2965541D-1A12-47EB-BC37-B0372B163501} = {691D3AE2-DA3D-4B94-BA84-4174EA39FCBB}
		{EACC1759-0632-4734-AFA0-0E9B987246EC} = {0A551F96-29C1-4DD5-B1D5-3E2A5DEDDD35}
		{358C3BC2-E103-4775-A706-3853649C5F92} = {28DB593D-1FC5-40D6-8466-4FD1248A08B3}
		{3376BFFB-C7EE-4EDE-B082-7C27EC9D3A62} = {11691C1D-2BD1-45D0-BF5B-1789CEEB4B4F}
		{EC3DB155-7B80-4AA9-8CDB-972420780B65} = {C8A5D92A-4056-40B4-8699-048B1A0E43D1}
		{859764D6-8999-4C14-9D5D-4EA9E613642F} = {182752AA-DD79-4638-A082-9BF2762F3D38}
		{4287A6DE-C8DF-415B-A3C0-D47E0231EE19} = {182752AA-DD79-4638-A082-9BF2762F3D38}
		{19670495-C68E-4BAA-B08B-214E190632F8} = {41B7D1B2-C0CD-434F-8C6D-715269F1F944}
		{BB03E270-C1D8-4FEB-A5C9-71DD0C4E41AA} = {41B7D1B2-C0CD-434F-8C6D-715269F1F944}
		{4DC0D0A2-AD0F-42EF-9795-458696E4B540} = {31E97E11-6305-4C66-B7E0-AA0D18EA6B24}
		{0C7EB2B6-E811-43F9-9F92-D983CF90CAA0} = {31E97E11-6305-4C66-B7E0-AA0D18EA6B24}
		{8CB376AD-6235-491C-A445-5AC3D4F726C3} = {4DC0D0A2-AD0F-42EF-9795-458696E4B540}
		{F95F551C-F908-4EE2-BBC3-E2EF3AFA67D1} = {0C7EB2B6-E811-43F9-9F92-D983CF90CAA0}
		{7E212FF5-7E26-4038-819D-AEB81E239478} = {4EFF1177-ECB2-4B4A-BF97-55CD93993A3C}
		{2B122EEE-1F9C-404C-ACFB-A9AFD2EF4738} = {7E212FF5-7E26-4038-819D-AEB81E239478}
	EndGlobalSection
EndGlobal
