
Microsoft Visual Studio Solution File, Format Version 12.00
# Visual Studio 2012
Project("{FAE04EC0-301F-11D3-BF4B-00C04F79EFBC}") = "MVVMSidekickVSIX", "MVVMSidekickVSIX\MVVMSidekickVSIX.csproj", "{8B039DE9-9B75-457B-92BF-80747EF62D4C}"
EndProject
Project("{2150E333-8FDC-42A3-9474-1A3956D46DE8}") = "MordenUI", "MordenUI", "{F09E3EF1-D3B2-4BD0-9943-2ACBE54FC223}"
EndProject
Project("{FAE04EC0-301F-11D3-BF4B-00C04F79EFBC}") = "MVVMSidekickViewWithVM.MordenUI", "MVVMSidekickViewWithVM.MordenUI\MVVMSidekickViewWithVM.MordenUI.csproj", "{859764D6-8999-4C14-9D5D-4EA9E613642F}"
EndProject
Project("{FAE04EC0-301F-11D3-BF4B-00C04F79EFBC}") = "MVVMSidekickDataModel.MordenUI", "MVVMSidekickDataModel.MordenUI\MVVMSidekickDataModel.MordenUI.csproj", "{4B0791D0-B232-4309-80B3-007FC70129D1}"
EndProject
Project("{2150E333-8FDC-42A3-9474-1A3956D46DE8}") = "Assembly", "Assembly", "{0404C6EB-FBE9-4BBB-80CD-F5A6F9993AF8}"
	ProjectSection(SolutionItems) = preProject
		..\MVVMSidekick_Metro\Controls\CalcNumberPad.xaml = ..\MVVMSidekick_Metro\Controls\CalcNumberPad.xaml
		..\MVVMSidekick_Metro\Controls\CalcNumberPad.xaml.cs = ..\MVVMSidekick_Metro\Controls\CalcNumberPad.xaml.cs
	EndProjectSection
EndProject
Project("{2150E333-8FDC-42A3-9474-1A3956D46DE8}") = "SampleApps", "SampleApps", "{A0A8733F-90D6-45DE-B340-00E5EDB70809}"
EndProject
Project("{FAE04EC0-301F-11D3-BF4B-00C04F79EFBC}") = "MVVMSidekick_Metro", "..\MVVMSidekick_Metro\MVVMSidekick_Metro.csproj", "{F69407B0-9503-4242-85C4-C0B9BE28A73F}"
EndProject
Project("{2150E333-8FDC-42A3-9474-1A3956D46DE8}") = "ItemTemplates", "ItemTemplates", "{182752AA-DD79-4638-A082-9BF2762F3D38}"
EndProject
Project("{2150E333-8FDC-42A3-9474-1A3956D46DE8}") = "ProjectTemplates", "ProjectTemplates", "{FB201CDA-3A9E-4050-AE9E-7F6DECEBE3DD}"
EndProject
Project("{FAE04EC0-301F-11D3-BF4B-00C04F79EFBC}") = "BlankApp_MVVMSidekick", "SampleProjects\BlankApp_MVVMSidekick\BlankApp_MVVMSidekick.csproj", "{BB3CDC1A-EC9A-4237-B29A-E308FB34709A}"
EndProject
Project("{FAE04EC0-301F-11D3-BF4B-00C04F79EFBC}") = "GridApp_MVVMSidekick", "SampleProjects\GridApp_MVVMSidekick\GridApp_MVVMSidekick.csproj", "{3D11C1B1-4AB5-43A8-8E33-F98E8D83DD13}"
EndProject
Global
	GlobalSection(SolutionConfigurationPlatforms) = preSolution
		Debug|Any CPU = Debug|Any CPU
		Debug|ARM = Debug|ARM
		Debug|x64 = Debug|x64
		Debug|x86 = Debug|x86
		Release|Any CPU = Release|Any CPU
		Release|ARM = Release|ARM
		Release|x64 = Release|x64
		Release|x86 = Release|x86
	EndGlobalSection
	GlobalSection(ProjectConfigurationPlatforms) = postSolution
		{8B039DE9-9B75-457B-92BF-80747EF62D4C}.Debug|Any CPU.ActiveCfg = Debug|Any CPU
		{8B039DE9-9B75-457B-92BF-80747EF62D4C}.Debug|Any CPU.Build.0 = Debug|Any CPU
		{8B039DE9-9B75-457B-92BF-80747EF62D4C}.Debug|ARM.ActiveCfg = Debug|Any CPU
		{8B039DE9-9B75-457B-92BF-80747EF62D4C}.Debug|x64.ActiveCfg = Debug|Any CPU
		{8B039DE9-9B75-457B-92BF-80747EF62D4C}.Debug|x86.ActiveCfg = Debug|Any CPU
		{8B039DE9-9B75-457B-92BF-80747EF62D4C}.Release|Any CPU.ActiveCfg = Release|Any CPU
		{8B039DE9-9B75-457B-92BF-80747EF62D4C}.Release|Any CPU.Build.0 = Release|Any CPU
		{8B039DE9-9B75-457B-92BF-80747EF62D4C}.Release|ARM.ActiveCfg = Release|Any CPU
		{8B039DE9-9B75-457B-92BF-80747EF62D4C}.Release|x64.ActiveCfg = Release|Any CPU
		{8B039DE9-9B75-457B-92BF-80747EF62D4C}.Release|x86.ActiveCfg = Release|Any CPU
		{859764D6-8999-4C14-9D5D-4EA9E613642F}.Debug|Any CPU.ActiveCfg = Debug|Any CPU
		{859764D6-8999-4C14-9D5D-4EA9E613642F}.Debug|Any CPU.Build.0 = Debug|Any CPU
		{859764D6-8999-4C14-9D5D-4EA9E613642F}.Debug|ARM.ActiveCfg = Debug|Any CPU
		{859764D6-8999-4C14-9D5D-4EA9E613642F}.Debug|x64.ActiveCfg = Debug|Any CPU
		{859764D6-8999-4C14-9D5D-4EA9E613642F}.Debug|x86.ActiveCfg = Debug|Any CPU
		{859764D6-8999-4C14-9D5D-4EA9E613642F}.Release|Any CPU.ActiveCfg = Release|Any CPU
		{859764D6-8999-4C14-9D5D-4EA9E613642F}.Release|Any CPU.Build.0 = Release|Any CPU
		{859764D6-8999-4C14-9D5D-4EA9E613642F}.Release|ARM.ActiveCfg = Release|Any CPU
		{859764D6-8999-4C14-9D5D-4EA9E613642F}.Release|x64.ActiveCfg = Release|Any CPU
		{859764D6-8999-4C14-9D5D-4EA9E613642F}.Release|x86.ActiveCfg = Release|Any CPU
		{4B0791D0-B232-4309-80B3-007FC70129D1}.Debug|Any CPU.ActiveCfg = Debug|Any CPU
		{4B0791D0-B232-4309-80B3-007FC70129D1}.Debug|Any CPU.Build.0 = Debug|Any CPU
		{4B0791D0-B232-4309-80B3-007FC70129D1}.Debug|ARM.ActiveCfg = Debug|Any CPU
		{4B0791D0-B232-4309-80B3-007FC70129D1}.Debug|x64.ActiveCfg = Debug|Any CPU
		{4B0791D0-B232-4309-80B3-007FC70129D1}.Debug|x86.ActiveCfg = Debug|Any CPU
		{4B0791D0-B232-4309-80B3-007FC70129D1}.Release|Any CPU.ActiveCfg = Release|Any CPU
		{4B0791D0-B232-4309-80B3-007FC70129D1}.Release|Any CPU.Build.0 = Release|Any CPU
		{4B0791D0-B232-4309-80B3-007FC70129D1}.Release|ARM.ActiveCfg = Release|Any CPU
		{4B0791D0-B232-4309-80B3-007FC70129D1}.Release|x64.ActiveCfg = Release|Any CPU
		{4B0791D0-B232-4309-80B3-007FC70129D1}.Release|x86.ActiveCfg = Release|Any CPU
		{F69407B0-9503-4242-85C4-C0B9BE28A73F}.Debug|Any CPU.ActiveCfg = Debug|Any CPU
		{F69407B0-9503-4242-85C4-C0B9BE28A73F}.Debug|Any CPU.Build.0 = Debug|Any CPU
		{F69407B0-9503-4242-85C4-C0B9BE28A73F}.Debug|ARM.ActiveCfg = Debug|ARM
		{F69407B0-9503-4242-85C4-C0B9BE28A73F}.Debug|ARM.Build.0 = Debug|ARM
		{F69407B0-9503-4242-85C4-C0B9BE28A73F}.Debug|x64.ActiveCfg = Debug|x64
		{F69407B0-9503-4242-85C4-C0B9BE28A73F}.Debug|x64.Build.0 = Debug|x64
		{F69407B0-9503-4242-85C4-C0B9BE28A73F}.Debug|x86.ActiveCfg = Debug|x86
		{F69407B0-9503-4242-85C4-C0B9BE28A73F}.Debug|x86.Build.0 = Debug|x86
		{F69407B0-9503-4242-85C4-C0B9BE28A73F}.Release|Any CPU.ActiveCfg = Release|Any CPU
		{F69407B0-9503-4242-85C4-C0B9BE28A73F}.Release|Any CPU.Build.0 = Release|Any CPU
		{F69407B0-9503-4242-85C4-C0B9BE28A73F}.Release|ARM.ActiveCfg = Release|ARM
		{F69407B0-9503-4242-85C4-C0B9BE28A73F}.Release|ARM.Build.0 = Release|ARM
		{F69407B0-9503-4242-85C4-C0B9BE28A73F}.Release|x64.ActiveCfg = Release|x64
		{F69407B0-9503-4242-85C4-C0B9BE28A73F}.Release|x64.Build.0 = Release|x64
		{F69407B0-9503-4242-85C4-C0B9BE28A73F}.Release|x86.ActiveCfg = Release|x86
		{F69407B0-9503-4242-85C4-C0B9BE28A73F}.Release|x86.Build.0 = Release|x86
		{BB3CDC1A-EC9A-4237-B29A-E308FB34709A}.Debug|Any CPU.ActiveCfg = Debug|Any CPU
		{BB3CDC1A-EC9A-4237-B29A-E308FB34709A}.Debug|Any CPU.Build.0 = Debug|Any CPU
		{BB3CDC1A-EC9A-4237-B29A-E308FB34709A}.Debug|Any CPU.Deploy.0 = Debug|Any CPU
		{BB3CDC1A-EC9A-4237-B29A-E308FB34709A}.Debug|ARM.ActiveCfg = Debug|ARM
		{BB3CDC1A-EC9A-4237-B29A-E308FB34709A}.Debug|ARM.Build.0 = Debug|ARM
		{BB3CDC1A-EC9A-4237-B29A-E308FB34709A}.Debug|ARM.Deploy.0 = Debug|ARM
		{BB3CDC1A-EC9A-4237-B29A-E308FB34709A}.Debug|x64.ActiveCfg = Debug|x64
		{BB3CDC1A-EC9A-4237-B29A-E308FB34709A}.Debug|x64.Build.0 = Debug|x64
		{BB3CDC1A-EC9A-4237-B29A-E308FB34709A}.Debug|x64.Deploy.0 = Debug|x64
		{BB3CDC1A-EC9A-4237-B29A-E308FB34709A}.Debug|x86.ActiveCfg = Debug|x86
		{BB3CDC1A-EC9A-4237-B29A-E308FB34709A}.Debug|x86.Build.0 = Debug|x86
		{BB3CDC1A-EC9A-4237-B29A-E308FB34709A}.Debug|x86.Deploy.0 = Debug|x86
		{BB3CDC1A-EC9A-4237-B29A-E308FB34709A}.Release|Any CPU.ActiveCfg = Release|Any CPU
		{BB3CDC1A-EC9A-4237-B29A-E308FB34709A}.Release|Any CPU.Build.0 = Release|Any CPU
		{BB3CDC1A-EC9A-4237-B29A-E308FB34709A}.Release|Any CPU.Deploy.0 = Release|Any CPU
		{BB3CDC1A-EC9A-4237-B29A-E308FB34709A}.Release|ARM.ActiveCfg = Release|ARM
		{BB3CDC1A-EC9A-4237-B29A-E308FB34709A}.Release|ARM.Build.0 = Release|ARM
		{BB3CDC1A-EC9A-4237-B29A-E308FB34709A}.Release|ARM.Deploy.0 = Release|ARM
		{BB3CDC1A-EC9A-4237-B29A-E308FB34709A}.Release|x64.ActiveCfg = Release|x64
		{BB3CDC1A-EC9A-4237-B29A-E308FB34709A}.Release|x64.Build.0 = Release|x64
		{BB3CDC1A-EC9A-4237-B29A-E308FB34709A}.Release|x64.Deploy.0 = Release|x64
		{BB3CDC1A-EC9A-4237-B29A-E308FB34709A}.Release|x86.ActiveCfg = Release|x86
		{BB3CDC1A-EC9A-4237-B29A-E308FB34709A}.Release|x86.Build.0 = Release|x86
		{BB3CDC1A-EC9A-4237-B29A-E308FB34709A}.Release|x86.Deploy.0 = Release|x86
		{3D11C1B1-4AB5-43A8-8E33-F98E8D83DD13}.Debug|Any CPU.ActiveCfg = Debug|Any CPU
		{3D11C1B1-4AB5-43A8-8E33-F98E8D83DD13}.Debug|Any CPU.Build.0 = Debug|Any CPU
		{3D11C1B1-4AB5-43A8-8E33-F98E8D83DD13}.Debug|Any CPU.Deploy.0 = Debug|Any CPU
		{3D11C1B1-4AB5-43A8-8E33-F98E8D83DD13}.Debug|ARM.ActiveCfg = Debug|ARM
		{3D11C1B1-4AB5-43A8-8E33-F98E8D83DD13}.Debug|ARM.Build.0 = Debug|ARM
		{3D11C1B1-4AB5-43A8-8E33-F98E8D83DD13}.Debug|ARM.Deploy.0 = Debug|ARM
		{3D11C1B1-4AB5-43A8-8E33-F98E8D83DD13}.Debug|x64.ActiveCfg = Debug|x64
		{3D11C1B1-4AB5-43A8-8E33-F98E8D83DD13}.Debug|x64.Build.0 = Debug|x64
		{3D11C1B1-4AB5-43A8-8E33-F98E8D83DD13}.Debug|x64.Deploy.0 = Debug|x64
		{3D11C1B1-4AB5-43A8-8E33-F98E8D83DD13}.Debug|x86.ActiveCfg = Debug|x86
		{3D11C1B1-4AB5-43A8-8E33-F98E8D83DD13}.Debug|x86.Build.0 = Debug|x86
		{3D11C1B1-4AB5-43A8-8E33-F98E8D83DD13}.Debug|x86.Deploy.0 = Debug|x86
		{3D11C1B1-4AB5-43A8-8E33-F98E8D83DD13}.Release|Any CPU.ActiveCfg = Release|Any CPU
		{3D11C1B1-4AB5-43A8-8E33-F98E8D83DD13}.Release|Any CPU.Build.0 = Release|Any CPU
		{3D11C1B1-4AB5-43A8-8E33-F98E8D83DD13}.Release|Any CPU.Deploy.0 = Release|Any CPU
		{3D11C1B1-4AB5-43A8-8E33-F98E8D83DD13}.Release|ARM.ActiveCfg = Release|ARM
		{3D11C1B1-4AB5-43A8-8E33-F98E8D83DD13}.Release|ARM.Build.0 = Release|ARM
		{3D11C1B1-4AB5-43A8-8E33-F98E8D83DD13}.Release|ARM.Deploy.0 = Release|ARM
		{3D11C1B1-4AB5-43A8-8E33-F98E8D83DD13}.Release|x64.ActiveCfg = Release|x64
		{3D11C1B1-4AB5-43A8-8E33-F98E8D83DD13}.Release|x64.Build.0 = Release|x64
		{3D11C1B1-4AB5-43A8-8E33-F98E8D83DD13}.Release|x64.Deploy.0 = Release|x64
		{3D11C1B1-4AB5-43A8-8E33-F98E8D83DD13}.Release|x86.ActiveCfg = Release|x86
		{3D11C1B1-4AB5-43A8-8E33-F98E8D83DD13}.Release|x86.Build.0 = Release|x86
		{3D11C1B1-4AB5-43A8-8E33-F98E8D83DD13}.Release|x86.Deploy.0 = Release|x86
	EndGlobalSection
	GlobalSection(SolutionProperties) = preSolution
		HideSolutionNode = FALSE
	EndGlobalSection
	GlobalSection(NestedProjects) = preSolution
		{182752AA-DD79-4638-A082-9BF2762F3D38} = {F09E3EF1-D3B2-4BD0-9943-2ACBE54FC223}
		{0404C6EB-FBE9-4BBB-80CD-F5A6F9993AF8} = {F09E3EF1-D3B2-4BD0-9943-2ACBE54FC223}
		{FB201CDA-3A9E-4050-AE9E-7F6DECEBE3DD} = {F09E3EF1-D3B2-4BD0-9943-2ACBE54FC223}
		{4B0791D0-B232-4309-80B3-007FC70129D1} = {182752AA-DD79-4638-A082-9BF2762F3D38}
		{859764D6-8999-4C14-9D5D-4EA9E613642F} = {182752AA-DD79-4638-A082-9BF2762F3D38}
		{F69407B0-9503-4242-85C4-C0B9BE28A73F} = {0404C6EB-FBE9-4BBB-80CD-F5A6F9993AF8}
		{BB3CDC1A-EC9A-4237-B29A-E308FB34709A} = {A0A8733F-90D6-45DE-B340-00E5EDB70809}
		{3D11C1B1-4AB5-43A8-8E33-F98E8D83DD13} = {A0A8733F-90D6-45DE-B340-00E5EDB70809}
	EndGlobalSection
EndGlobal
