
Microsoft Visual Studio Solution File, Format Version 12.00
# Visual Studio 2012
Project("{FAE04EC0-301F-11D3-BF4B-00C04F79EFBC}") = "MVVMSidekickVSIX", "MVVMSidekickVSIX\MVVMSidekickVSIX.csproj", "{8B039DE9-9B75-457B-92BF-80747EF62D4C}"
EndProject
Project("{2150E333-8FDC-42A3-9474-1A3956D46DE8}") = "ModenUI", "ModenUI", "{F09E3EF1-D3B2-4BD0-9943-2ACBE54FC223}"
EndProject
Project("{FAE04EC0-301F-11D3-BF4B-00C04F79EFBC}") = "MVVMSidekickDataModel.ModenUI", "MVVMSidekickDataModel.ModenUI\MVVMSidekickDataModel.ModenUI.csproj", "{4B0791D0-B232-4309-80B3-007FC70129D1}"
EndProject
Project("{2150E333-8FDC-42A3-9474-1A3956D46DE8}") = "ItemTemplates", "ItemTemplates", "{182752AA-DD79-4638-A082-9BF2762F3D38}"
EndProject
Project("{FAE04EC0-301F-11D3-BF4B-00C04F79EFBC}") = "MVVMSidekickAppXaml.ModenUI", "MVVMSidekickAppXaml.ModenUI\MVVMSidekickAppXaml.ModenUI.csproj", "{67E68C92-F22B-440C-BDCB-74084DE8C6DD}"
EndProject
Project("{2150E333-8FDC-42A3-9474-1A3956D46DE8}") = "ProjectTemplates", "ProjectTemplates", "{41B7D1B2-C0CD-434F-8C6D-715269F1F944}"
EndProject
Project("{FAE04EC0-301F-11D3-BF4B-00C04F79EFBC}") = "MVVMSidekickBlankApp_PT.ModenUI", "MVVMSidekickBlankApp_PT.ModenUI\MVVMSidekickBlankApp_PT.ModenUI.csproj", "{19670495-C68E-4BAA-B08B-214E190632F8}"
EndProject
Project("{FAE04EC0-301F-11D3-BF4B-00C04F79EFBC}") = "MVVMSidekickGridApp_PT.ModenUI", "MVVMSidekickGridApp_PT.ModenUI\MVVMSidekickGridApp_PT.ModenUI.csproj", "{292C371E-0F20-4F41-A3C8-3C7F75DF9C71}"
EndProject
Project("{FAE04EC0-301F-11D3-BF4B-00C04F79EFBC}") = "MVVMSidekickViewWithVM.ModenUI", "MVVMSidekickViewWithVM.ModenUI\MVVMSidekickViewWithVM.ModenUI.csproj", "{859764D6-8999-4C14-9D5D-4EA9E613642F}"
EndProject
Global
	GlobalSection(SolutionConfigurationPlatforms) = preSolution
		Debug|Any CPU = Debug|Any CPU
		Debug|ARM = Debug|ARM
		Debug|x64 = Debug|x64
		Debug|x86 = Debug|x86
		Release|Any CPU = Release|Any CPU
		Release|ARM = Release|ARM
		Release|x64 = Release|x64
		Release|x86 = Release|x86
	EndGlobalSection
	GlobalSection(ProjectConfigurationPlatforms) = postSolution
		{8B039DE9-9B75-457B-92BF-80747EF62D4C}.Debug|Any CPU.ActiveCfg = Debug|Any CPU
		{8B039DE9-9B75-457B-92BF-80747EF62D4C}.Debug|Any CPU.Build.0 = Debug|Any CPU
		{8B039DE9-9B75-457B-92BF-80747EF62D4C}.Debug|ARM.ActiveCfg = Debug|Any CPU
		{8B039DE9-9B75-457B-92BF-80747EF62D4C}.Debug|x64.ActiveCfg = Debug|Any CPU
		{8B039DE9-9B75-457B-92BF-80747EF62D4C}.Debug|x86.ActiveCfg = Debug|Any CPU
		{8B039DE9-9B75-457B-92BF-80747EF62D4C}.Release|Any CPU.ActiveCfg = Release|Any CPU
		{8B039DE9-9B75-457B-92BF-80747EF62D4C}.Release|Any CPU.Build.0 = Release|Any CPU
		{8B039DE9-9B75-457B-92BF-80747EF62D4C}.Release|ARM.ActiveCfg = Release|Any CPU
		{8B039DE9-9B75-457B-92BF-80747EF62D4C}.Release|x64.ActiveCfg = Release|Any CPU
		{8B039DE9-9B75-457B-92BF-80747EF62D4C}.Release|x86.ActiveCfg = Release|Any CPU
		{4B0791D0-B232-4309-80B3-007FC70129D1}.Debug|Any CPU.ActiveCfg = Debug|Any CPU
		{4B0791D0-B232-4309-80B3-007FC70129D1}.Debug|Any CPU.Build.0 = Debug|Any CPU
		{4B0791D0-B232-4309-80B3-007FC70129D1}.Debug|ARM.ActiveCfg = Debug|Any CPU
		{4B0791D0-B232-4309-80B3-007FC70129D1}.Debug|x64.ActiveCfg = Debug|Any CPU
		{4B0791D0-B232-4309-80B3-007FC70129D1}.Debug|x86.ActiveCfg = Debug|Any CPU
		{4B0791D0-B232-4309-80B3-007FC70129D1}.Release|Any CPU.ActiveCfg = Release|Any CPU
		{4B0791D0-B232-4309-80B3-007FC70129D1}.Release|Any CPU.Build.0 = Release|Any CPU
		{4B0791D0-B232-4309-80B3-007FC70129D1}.Release|ARM.ActiveCfg = Release|Any CPU
		{4B0791D0-B232-4309-80B3-007FC70129D1}.Release|x64.ActiveCfg = Release|Any CPU
		{4B0791D0-B232-4309-80B3-007FC70129D1}.Release|x86.ActiveCfg = Release|Any CPU
		{67E68C92-F22B-440C-BDCB-74084DE8C6DD}.Debug|Any CPU.ActiveCfg = Debug|Any CPU
		{67E68C92-F22B-440C-BDCB-74084DE8C6DD}.Debug|Any CPU.Build.0 = Debug|Any CPU
		{67E68C92-F22B-440C-BDCB-74084DE8C6DD}.Debug|ARM.ActiveCfg = Debug|Any CPU
		{67E68C92-F22B-440C-BDCB-74084DE8C6DD}.Debug|x64.ActiveCfg = Debug|Any CPU
		{67E68C92-F22B-440C-BDCB-74084DE8C6DD}.Debug|x86.ActiveCfg = Debug|Any CPU
		{67E68C92-F22B-440C-BDCB-74084DE8C6DD}.Release|Any CPU.ActiveCfg = Release|Any CPU
		{67E68C92-F22B-440C-BDCB-74084DE8C6DD}.Release|Any CPU.Build.0 = Release|Any CPU
		{67E68C92-F22B-440C-BDCB-74084DE8C6DD}.Release|ARM.ActiveCfg = Release|Any CPU
		{67E68C92-F22B-440C-BDCB-74084DE8C6DD}.Release|x64.ActiveCfg = Release|Any CPU
		{67E68C92-F22B-440C-BDCB-74084DE8C6DD}.Release|x86.ActiveCfg = Release|Any CPU
		{19670495-C68E-4BAA-B08B-214E190632F8}.Debug|Any CPU.ActiveCfg = Debug|Any CPU
		{19670495-C68E-4BAA-B08B-214E190632F8}.Debug|Any CPU.Build.0 = Debug|Any CPU
		{19670495-C68E-4BAA-B08B-214E190632F8}.Debug|ARM.ActiveCfg = Debug|Any CPU
		{19670495-C68E-4BAA-B08B-214E190632F8}.Debug|x64.ActiveCfg = Debug|Any CPU
		{19670495-C68E-4BAA-B08B-214E190632F8}.Debug|x86.ActiveCfg = Debug|Any CPU
		{19670495-C68E-4BAA-B08B-214E190632F8}.Release|Any CPU.ActiveCfg = Release|Any CPU
		{19670495-C68E-4BAA-B08B-214E190632F8}.Release|Any CPU.Build.0 = Release|Any CPU
		{19670495-C68E-4BAA-B08B-214E190632F8}.Release|ARM.ActiveCfg = Release|Any CPU
		{19670495-C68E-4BAA-B08B-214E190632F8}.Release|x64.ActiveCfg = Release|Any CPU
		{19670495-C68E-4BAA-B08B-214E190632F8}.Release|x86.ActiveCfg = Release|Any CPU
		{292C371E-0F20-4F41-A3C8-3C7F75DF9C71}.Debug|Any CPU.ActiveCfg = Debug|Any CPU
		{292C371E-0F20-4F41-A3C8-3C7F75DF9C71}.Debug|Any CPU.Build.0 = Debug|Any CPU
		{292C371E-0F20-4F41-A3C8-3C7F75DF9C71}.Debug|ARM.ActiveCfg = Debug|Any CPU
		{292C371E-0F20-4F41-A3C8-3C7F75DF9C71}.Debug|x64.ActiveCfg = Debug|Any CPU
		{292C371E-0F20-4F41-A3C8-3C7F75DF9C71}.Debug|x86.ActiveCfg = Debug|Any CPU
		{292C371E-0F20-4F41-A3C8-3C7F75DF9C71}.Release|Any CPU.ActiveCfg = Release|Any CPU
		{292C371E-0F20-4F41-A3C8-3C7F75DF9C71}.Release|Any CPU.Build.0 = Release|Any CPU
		{292C371E-0F20-4F41-A3C8-3C7F75DF9C71}.Release|ARM.ActiveCfg = Release|Any CPU
		{292C371E-0F20-4F41-A3C8-3C7F75DF9C71}.Release|x64.ActiveCfg = Release|Any CPU
		{292C371E-0F20-4F41-A3C8-3C7F75DF9C71}.Release|x86.ActiveCfg = Release|Any CPU
		{859764D6-8999-4C14-9D5D-4EA9E613642F}.Debug|Any CPU.ActiveCfg = Debug|Any CPU
		{859764D6-8999-4C14-9D5D-4EA9E613642F}.Debug|Any CPU.Build.0 = Debug|Any CPU
		{859764D6-8999-4C14-9D5D-4EA9E613642F}.Debug|ARM.ActiveCfg = Debug|Any CPU
		{859764D6-8999-4C14-9D5D-4EA9E613642F}.Debug|x64.ActiveCfg = Debug|Any CPU
		{859764D6-8999-4C14-9D5D-4EA9E613642F}.Debug|x86.ActiveCfg = Debug|Any CPU
		{859764D6-8999-4C14-9D5D-4EA9E613642F}.Release|Any CPU.ActiveCfg = Release|Any CPU
		{859764D6-8999-4C14-9D5D-4EA9E613642F}.Release|Any CPU.Build.0 = Release|Any CPU
		{859764D6-8999-4C14-9D5D-4EA9E613642F}.Release|ARM.ActiveCfg = Release|Any CPU
		{859764D6-8999-4C14-9D5D-4EA9E613642F}.Release|x64.ActiveCfg = Release|Any CPU
		{859764D6-8999-4C14-9D5D-4EA9E613642F}.Release|x86.ActiveCfg = Release|Any CPU
	EndGlobalSection
	GlobalSection(SolutionProperties) = preSolution
		HideSolutionNode = FALSE
	EndGlobalSection
	GlobalSection(NestedProjects) = preSolution
		{182752AA-DD79-4638-A082-9BF2762F3D38} = {F09E3EF1-D3B2-4BD0-9943-2ACBE54FC223}
		{41B7D1B2-C0CD-434F-8C6D-715269F1F944} = {F09E3EF1-D3B2-4BD0-9943-2ACBE54FC223}
		{4B0791D0-B232-4309-80B3-007FC70129D1} = {182752AA-DD79-4638-A082-9BF2762F3D38}
		{67E68C92-F22B-440C-BDCB-74084DE8C6DD} = {182752AA-DD79-4638-A082-9BF2762F3D38}
		{859764D6-8999-4C14-9D5D-4EA9E613642F} = {182752AA-DD79-4638-A082-9BF2762F3D38}
		{19670495-C68E-4BAA-B08B-214E190632F8} = {41B7D1B2-C0CD-434F-8C6D-715269F1F944}
		{292C371E-0F20-4F41-A3C8-3C7F75DF9C71} = {41B7D1B2-C0CD-434F-8C6D-715269F1F944}
	EndGlobalSection
EndGlobal
