
Microsoft Visual Studio Solution File, Format Version 12.00
# Visual Studio 15
VisualStudioVersion = 15.0.26228.4
MinimumVisualStudioVersion = 10.0.40219.1
Project("{2150E333-8FDC-42A3-9474-1A3956D46DE8}") = "VSIX", "VSIX", "{F419F5EA-5DED-481A-ABE7-E63DF46CC459}"
EndProject
Project("{2150E333-8FDC-42A3-9474-1A3956D46DE8}") = "UAP", "UAP", "{8CE280D1-9A5A-4B53-913B-0BCB5ED22889}"
EndProject
Project("{2150E333-8FDC-42A3-9474-1A3956D46DE8}") = "ProjectTemplates", "ProjectTemplates", "{586D654D-2A99-4800-9347-6CC782DFE47E}"
EndProject
Project("{2150E333-8FDC-42A3-9474-1A3956D46DE8}") = "Windows Desktop", "Windows Desktop", "{CD0CEE42-965E-45C9-8507-322F2BC60CC1}"
EndProject
Project("{2150E333-8FDC-42A3-9474-1A3956D46DE8}") = "ItemTemplates", "ItemTemplates", "{47772B71-4AB0-4FDE-99D1-B021B6236950}"
EndProject
Project("{2150E333-8FDC-42A3-9474-1A3956D46DE8}") = "UAP", "UAP", "{B1C81F82-FF50-4441-A8BD-EF04C20F5967}"
EndProject
Project("{2150E333-8FDC-42A3-9474-1A3956D46DE8}") = "Windows Desktop", "Windows Desktop", "{2A82496D-632A-48EF-990A-DFF510FD197A}"
EndProject
Project("{FAE04EC0-301F-11D3-BF4B-00C04F79EFBC}") = "MVVM-Sidekick-Extensions", "MVVM-Sidekick-Extensions\MVVM-Sidekick-Extensions.csproj", "{BB8EF43D-70B5-4FEE-9ECD-3D98B4DEC231}"
	ProjectSection(ProjectDependencies) = postProject
		{2965541D-1A12-47EB-BC37-B0372B163501} = {2965541D-1A12-47EB-BC37-B0372B163501}
		{776099A3-B775-4795-A5DB-7A2730E94875} = {776099A3-B775-4795-A5DB-7A2730E94875}
		{F6B722E8-1E1E-4A00-A6AC-5BB4FB10E679} = {F6B722E8-1E1E-4A00-A6AC-5BB4FB10E679}
		{886C60FB-EDBD-4C3E-8D00-418579E24794} = {886C60FB-EDBD-4C3E-8D00-418579E24794}
	EndProjectSection
EndProject
Project("{FAE04EC0-301F-11D3-BF4B-00C04F79EFBC}") = "MVVMSidekickViewWithVM", "ItemTemplates\UAP\MVVMSidekickViewWithVM\MVVMSidekickViewWithVM.csproj", "{776099A3-B775-4795-A5DB-7A2730E94875}"
EndProject
Project("{FAE04EC0-301F-11D3-BF4B-00C04F79EFBC}") = "BlankApplication", "ProjectTemplates\UAP\BlankApplication\BlankApplication.csproj", "{F6B722E8-1E1E-4A00-A6AC-5BB4FB10E679}"
EndProject
Project("{FAE04EC0-301F-11D3-BF4B-00C04F79EFBC}") = "MVVMSidekickApplication.WPF", "ProjectTemplates\Windows Desktop\MVVMSidekickApplication.WPF\MVVMSidekickApplication.WPF.csproj", "{886C60FB-EDBD-4C3E-8D00-418579E24794}"
EndProject
Project("{FAE04EC0-301F-11D3-BF4B-00C04F79EFBC}") = "MVVMSidekickViewWithVM.WPF", "ItemTemplates\Windows Desktop\MVVMSidekickViewWithVM.WPF\MVVMSidekickViewWithVM.WPF.csproj", "{2965541D-1A12-47EB-BC37-B0372B163501}"
EndProject
Global
	GlobalSection(SolutionConfigurationPlatforms) = preSolution
		Debug|Any CPU = Debug|Any CPU
		Release|Any CPU = Release|Any CPU
	EndGlobalSection
	GlobalSection(ProjectConfigurationPlatforms) = postSolution
		{BB8EF43D-70B5-4FEE-9ECD-3D98B4DEC231}.Debug|Any CPU.ActiveCfg = Debug|Any CPU
		{BB8EF43D-70B5-4FEE-9ECD-3D98B4DEC231}.Debug|Any CPU.Build.0 = Debug|Any CPU
		{BB8EF43D-70B5-4FEE-9ECD-3D98B4DEC231}.Release|Any CPU.ActiveCfg = Release|Any CPU
		{BB8EF43D-70B5-4FEE-9ECD-3D98B4DEC231}.Release|Any CPU.Build.0 = Release|Any CPU
		{776099A3-B775-4795-A5DB-7A2730E94875}.Debug|Any CPU.ActiveCfg = Debug|Any CPU
		{776099A3-B775-4795-A5DB-7A2730E94875}.Debug|Any CPU.Build.0 = Debug|Any CPU
		{776099A3-B775-4795-A5DB-7A2730E94875}.Release|Any CPU.ActiveCfg = Release|Any CPU
		{776099A3-B775-4795-A5DB-7A2730E94875}.Release|Any CPU.Build.0 = Release|Any CPU
		{F6B722E8-1E1E-4A00-A6AC-5BB4FB10E679}.Debug|Any CPU.ActiveCfg = Debug|Any CPU
		{F6B722E8-1E1E-4A00-A6AC-5BB4FB10E679}.Debug|Any CPU.Build.0 = Debug|Any CPU
		{F6B722E8-1E1E-4A00-A6AC-5BB4FB10E679}.Release|Any CPU.ActiveCfg = Release|Any CPU
		{F6B722E8-1E1E-4A00-A6AC-5BB4FB10E679}.Release|Any CPU.Build.0 = Release|Any CPU
		{886C60FB-EDBD-4C3E-8D00-418579E24794}.Debug|Any CPU.ActiveCfg = Debug|Any CPU
		{886C60FB-EDBD-4C3E-8D00-418579E24794}.Debug|Any CPU.Build.0 = Debug|Any CPU
		{886C60FB-EDBD-4C3E-8D00-418579E24794}.Release|Any CPU.ActiveCfg = Release|Any CPU
		{886C60FB-EDBD-4C3E-8D00-418579E24794}.Release|Any CPU.Build.0 = Release|Any CPU
		{2965541D-1A12-47EB-BC37-B0372B163501}.Debug|Any CPU.ActiveCfg = Debug|Any CPU
		{2965541D-1A12-47EB-BC37-B0372B163501}.Debug|Any CPU.Build.0 = Debug|Any CPU
		{2965541D-1A12-47EB-BC37-B0372B163501}.Release|Any CPU.ActiveCfg = Release|Any CPU
		{2965541D-1A12-47EB-BC37-B0372B163501}.Release|Any CPU.Build.0 = Release|Any CPU
	EndGlobalSection
	GlobalSection(SolutionProperties) = preSolution
		HideSolutionNode = FALSE
	EndGlobalSection
	GlobalSection(NestedProjects) = preSolution
		{8CE280D1-9A5A-4B53-913B-0BCB5ED22889} = {586D654D-2A99-4800-9347-6CC782DFE47E}
		{CD0CEE42-965E-45C9-8507-322F2BC60CC1} = {586D654D-2A99-4800-9347-6CC782DFE47E}
		{B1C81F82-FF50-4441-A8BD-EF04C20F5967} = {47772B71-4AB0-4FDE-99D1-B021B6236950}
		{2A82496D-632A-48EF-990A-DFF510FD197A} = {47772B71-4AB0-4FDE-99D1-B021B6236950}
		{BB8EF43D-70B5-4FEE-9ECD-3D98B4DEC231} = {F419F5EA-5DED-481A-ABE7-E63DF46CC459}
		{776099A3-B775-4795-A5DB-7A2730E94875} = {B1C81F82-FF50-4441-A8BD-EF04C20F5967}
		{F6B722E8-1E1E-4A00-A6AC-5BB4FB10E679} = {8CE280D1-9A5A-4B53-913B-0BCB5ED22889}
		{886C60FB-EDBD-4C3E-8D00-418579E24794} = {CD0CEE42-965E-45C9-8507-322F2BC60CC1}
		{2965541D-1A12-47EB-BC37-B0372B163501} = {2A82496D-632A-48EF-990A-DFF510FD197A}
	EndGlobalSection
EndGlobal
