
Microsoft Visual Studio Solution File, Format Version 12.00
# Visual Studio 14
VisualStudioVersion = 14.0.23107.0
MinimumVisualStudioVersion = 10.0.40219.1
Project("{2150E333-8FDC-42A3-9474-1A3956D46DE8}") = "VSIX", "VSIX", "{F419F5EA-5DED-481A-ABE7-E63DF46CC459}"
EndProject
Project("{FAE04EC0-301F-11D3-BF4B-00C04F79EFBC}") = "MVVM-Sidekick-Extensions", "MVVM-Sidekick-Extensions\MVVM-Sidekick-Extensions.csproj", "{BB8EF43D-70B5-4FEE-9ECD-3D98B4DEC231}"
	ProjectSection(ProjectDependencies) = postProject
		{F95F551C-F908-4EE2-BBC3-E2EF3AFA67D1} = {F95F551C-F908-4EE2-BBC3-E2EF3AFA67D1}
		{2965541D-1A12-47EB-BC37-B0372B163501} = {2965541D-1A12-47EB-BC37-B0372B163501}
		{EC3DB155-7B80-4AA9-8CDB-972420780B65} = {EC3DB155-7B80-4AA9-8CDB-972420780B65}
		{EACC1759-0632-4734-AFA0-0E9B987246EC} = {EACC1759-0632-4734-AFA0-0E9B987246EC}
		{BB03E270-C1D8-4FEB-A5C9-71DD0C4E41AA} = {BB03E270-C1D8-4FEB-A5C9-71DD0C4E41AA}
		{776099A3-B775-4795-A5DB-7A2730E94875} = {776099A3-B775-4795-A5DB-7A2730E94875}
		{8CB376AD-6235-491C-A445-5AC3D4F726C3} = {8CB376AD-6235-491C-A445-5AC3D4F726C3}
		{358C3BC2-E103-4775-A706-3853649C5F92} = {358C3BC2-E103-4775-A706-3853649C5F92}
		{4287A6DE-C8DF-415B-A3C0-D47E0231EE19} = {4287A6DE-C8DF-415B-A3C0-D47E0231EE19}
		{F6B722E8-1E1E-4A00-A6AC-5BB4FB10E679} = {F6B722E8-1E1E-4A00-A6AC-5BB4FB10E679}
		{2B122EEE-1F9C-404C-ACFB-A9AFD2EF4738} = {2B122EEE-1F9C-404C-ACFB-A9AFD2EF4738}
		{886C60FB-EDBD-4C3E-8D00-418579E24794} = {886C60FB-EDBD-4C3E-8D00-418579E24794}
		{3376BFFB-C7EE-4EDE-B082-7C27EC9D3A62} = {3376BFFB-C7EE-4EDE-B082-7C27EC9D3A62}
	EndProjectSection
EndProject
Project("{2150E333-8FDC-42A3-9474-1A3956D46DE8}") = "UAP", "UAP", "{8CE280D1-9A5A-4B53-913B-0BCB5ED22889}"
EndProject
Project("{2150E333-8FDC-42A3-9474-1A3956D46DE8}") = "ProjectTemplates", "ProjectTemplates", "{586D654D-2A99-4800-9347-6CC782DFE47E}"
EndProject
Project("{2150E333-8FDC-42A3-9474-1A3956D46DE8}") = "Windows 8", "Windows 8", "{164E0A29-097E-4CAE-937E-CE681394F1A1}"
EndProject
Project("{2150E333-8FDC-42A3-9474-1A3956D46DE8}") = "Universal", "Universal", "{D1C4489C-7611-40F4-8044-00D0D0AEF694}"
EndProject
Project("{2150E333-8FDC-42A3-9474-1A3956D46DE8}") = "Windows", "Windows", "{D1EDF63C-0CF0-496A-B858-5EDEA5AD48DC}"
EndProject
Project("{2150E333-8FDC-42A3-9474-1A3956D46DE8}") = "Windows Phone", "Windows Phone", "{F4D221F1-0B8C-4B54-946A-977CBD4F70CA}"
EndProject
Project("{2150E333-8FDC-42A3-9474-1A3956D46DE8}") = "Windows Desktop", "Windows Desktop", "{CD0CEE42-965E-45C9-8507-322F2BC60CC1}"
EndProject
Project("{FAE04EC0-301F-11D3-BF4B-00C04F79EFBC}") = "MVVMSidekickViewWithVM", "ItemTemplates\UAP\MVVMSidekickViewWithVM\MVVMSidekickViewWithVM.csproj", "{776099A3-B775-4795-A5DB-7A2730E94875}"
EndProject
Project("{2150E333-8FDC-42A3-9474-1A3956D46DE8}") = "ItemTemplates", "ItemTemplates", "{47772B71-4AB0-4FDE-99D1-B021B6236950}"
EndProject
Project("{FAE04EC0-301F-11D3-BF4B-00C04F79EFBC}") = "BlankApplication", "ProjectTemplates\UAP\BlankApplication\BlankApplication.csproj", "{F6B722E8-1E1E-4A00-A6AC-5BB4FB10E679}"
EndProject
Project("{2150E333-8FDC-42A3-9474-1A3956D46DE8}") = "UAP", "UAP", "{B1C81F82-FF50-4441-A8BD-EF04C20F5967}"
EndProject
Project("{FAE04EC0-301F-11D3-BF4B-00C04F79EFBC}") = "MVVMSidekickApplication.WPF", "ProjectTemplates\Windows Desktop\MVVMSidekickApplication.WPF\MVVMSidekickApplication.WPF.csproj", "{886C60FB-EDBD-4C3E-8D00-418579E24794}"
EndProject
Project("{2150E333-8FDC-42A3-9474-1A3956D46DE8}") = "Windows Desktop", "Windows Desktop", "{2A82496D-632A-48EF-990A-DFF510FD197A}"
EndProject
Project("{FAE04EC0-301F-11D3-BF4B-00C04F79EFBC}") = "MVVMSidekickViewWithVM.WPF", "ItemTemplates\Windows Desktop\MVVMSidekickViewWithVM.WPF\MVVMSidekickViewWithVM.WPF.csproj", "{2965541D-1A12-47EB-BC37-B0372B163501}"
EndProject
Project("{FAE04EC0-301F-11D3-BF4B-00C04F79EFBC}") = "MVVMSidekickUniversalApplication", "ProjectTemplates\Windows 8\Universal\MVVMSidekickUniversalApplication\MVVMSidekickUniversalApplication.csproj", "{2B122EEE-1F9C-404C-ACFB-A9AFD2EF4738}"
EndProject
Project("{FAE04EC0-301F-11D3-BF4B-00C04F79EFBC}") = "MVVMSidekickWindowsPhoneApplication.WP8", "ProjectTemplates\Windows 8\Windows Phone\MVVMSidekickWP8\MVVMSidekickWindowsPhoneApplication.WP8.csproj", "{3376BFFB-C7EE-4EDE-B082-7C27EC9D3A62}"
EndProject
Project("{2150E333-8FDC-42A3-9474-1A3956D46DE8}") = "Windows Store", "Windows Store", "{B2F19F7B-CB18-4C18-BD6B-683CB425C1B9}"
EndProject
Project("{2150E333-8FDC-42A3-9474-1A3956D46DE8}") = "Windows Phone", "Windows Phone", "{B3EB0FBE-2C66-42C9-8E05-488DC5362D36}"
EndProject
Project("{2150E333-8FDC-42A3-9474-1A3956D46DE8}") = "Windows 8", "Windows 8", "{12BF4F2B-9411-4AC6-9BBD-E1144802D387}"
EndProject
Project("{FAE04EC0-301F-11D3-BF4B-00C04F79EFBC}") = "MVVMSidekickViewWithVM_81", "ItemTemplates\Windows\Windows Store\MVVMSidekickViewWithVM_81\MVVMSidekickViewWithVM_81.csproj", "{4287A6DE-C8DF-415B-A3C0-D47E0231EE19}"
EndProject
Project("{FAE04EC0-301F-11D3-BF4B-00C04F79EFBC}") = "MVVMSidekickViewWithVM.WP8", "ItemTemplates\Windows\Windows Phone\MVVMSidekickViewWithVM.WP8\MVVMSidekickViewWithVM.WP8.csproj", "{EC3DB155-7B80-4AA9-8CDB-972420780B65}"
EndProject
Project("{FAE04EC0-301F-11D3-BF4B-00C04F79EFBC}") = "MVVMSidekickViewWithVM.WPA81", "ItemTemplates\Windows\Windows Phone\MVVMSidekickViewWithVM.WPA81\MVVMSidekickViewWithVM.WPA81.csproj", "{8CB376AD-6235-491C-A445-5AC3D4F726C3}"
EndProject
Project("{FAE04EC0-301F-11D3-BF4B-00C04F79EFBC}") = "MVVMSidekickWindowsPhoneApplication.WPA81", "ProjectTemplates\Windows 8\Windows Phone\MVVMSidekickWPA81\MVVMSidekickWindowsPhoneApplication.WPA81.csproj", "{F95F551C-F908-4EE2-BBC3-E2EF3AFA67D1}"
EndProject
Project("{2150E333-8FDC-42A3-9474-1A3956D46DE8}") = "Silverlight", "Silverlight", "{E1A24B0A-A480-4DC5-AEAB-D33D8FF701CC}"
EndProject
Project("{FAE04EC0-301F-11D3-BF4B-00C04F79EFBC}") = "MVVMSidekickSilverlightApplication.SL5", "ProjectTemplates\Silverlight\MVVMSidekickSL5\MVVMSidekickSilverlightApplication.SL5.csproj", "{EACC1759-0632-4734-AFA0-0E9B987246EC}"
EndProject
Project("{2150E333-8FDC-42A3-9474-1A3956D46DE8}") = "Silverlight", "Silverlight", "{47D6E99C-1614-4AD0-BD96-841297088F11}"
EndProject
Project("{FAE04EC0-301F-11D3-BF4B-00C04F79EFBC}") = "MVVMSidekickViewWithVM.SL5", "ItemTemplates\Silverlight\MVVMSidekickViewWithVM.SL5\MVVMSidekickViewWithVM.SL5.csproj", "{358C3BC2-E103-4775-A706-3853649C5F92}"
EndProject
Project("{FAE04EC0-301F-11D3-BF4B-00C04F79EFBC}") = "MVVMSidekickBlankApp_RT_81", "ProjectTemplates\Windows 8\Windows\MVVMSidekickBlankApp_RT_81\MVVMSidekickBlankApp_RT_81.csproj", "{BB03E270-C1D8-4FEB-A5C9-71DD0C4E41AA}"
EndProject
Global
	GlobalSection(SolutionConfigurationPlatforms) = preSolution
		Debug|Any CPU = Debug|Any CPU
		Release|Any CPU = Release|Any CPU
	EndGlobalSection
	GlobalSection(ProjectConfigurationPlatforms) = postSolution
		{BB8EF43D-70B5-4FEE-9ECD-3D98B4DEC231}.Debug|Any CPU.ActiveCfg = Debug|Any CPU
		{BB8EF43D-70B5-4FEE-9ECD-3D98B4DEC231}.Debug|Any CPU.Build.0 = Debug|Any CPU
		{BB8EF43D-70B5-4FEE-9ECD-3D98B4DEC231}.Release|Any CPU.ActiveCfg = Release|Any CPU
		{BB8EF43D-70B5-4FEE-9ECD-3D98B4DEC231}.Release|Any CPU.Build.0 = Release|Any CPU
		{776099A3-B775-4795-A5DB-7A2730E94875}.Debug|Any CPU.ActiveCfg = Debug|Any CPU
		{776099A3-B775-4795-A5DB-7A2730E94875}.Debug|Any CPU.Build.0 = Debug|Any CPU
		{776099A3-B775-4795-A5DB-7A2730E94875}.Release|Any CPU.ActiveCfg = Release|Any CPU
		{776099A3-B775-4795-A5DB-7A2730E94875}.Release|Any CPU.Build.0 = Release|Any CPU
		{F6B722E8-1E1E-4A00-A6AC-5BB4FB10E679}.Debug|Any CPU.ActiveCfg = Debug|Any CPU
		{F6B722E8-1E1E-4A00-A6AC-5BB4FB10E679}.Debug|Any CPU.Build.0 = Debug|Any CPU
		{F6B722E8-1E1E-4A00-A6AC-5BB4FB10E679}.Release|Any CPU.ActiveCfg = Release|Any CPU
		{F6B722E8-1E1E-4A00-A6AC-5BB4FB10E679}.Release|Any CPU.Build.0 = Release|Any CPU
		{886C60FB-EDBD-4C3E-8D00-418579E24794}.Debug|Any CPU.ActiveCfg = Debug|Any CPU
		{886C60FB-EDBD-4C3E-8D00-418579E24794}.Debug|Any CPU.Build.0 = Debug|Any CPU
		{886C60FB-EDBD-4C3E-8D00-418579E24794}.Release|Any CPU.ActiveCfg = Release|Any CPU
		{886C60FB-EDBD-4C3E-8D00-418579E24794}.Release|Any CPU.Build.0 = Release|Any CPU
		{2965541D-1A12-47EB-BC37-B0372B163501}.Debug|Any CPU.ActiveCfg = Debug|Any CPU
		{2965541D-1A12-47EB-BC37-B0372B163501}.Debug|Any CPU.Build.0 = Debug|Any CPU
		{2965541D-1A12-47EB-BC37-B0372B163501}.Release|Any CPU.ActiveCfg = Release|Any CPU
		{2965541D-1A12-47EB-BC37-B0372B163501}.Release|Any CPU.Build.0 = Release|Any CPU
		{2B122EEE-1F9C-404C-ACFB-A9AFD2EF4738}.Debug|Any CPU.ActiveCfg = Debug|Any CPU
		{2B122EEE-1F9C-404C-ACFB-A9AFD2EF4738}.Debug|Any CPU.Build.0 = Debug|Any CPU
		{2B122EEE-1F9C-404C-ACFB-A9AFD2EF4738}.Release|Any CPU.ActiveCfg = Release|Any CPU
		{2B122EEE-1F9C-404C-ACFB-A9AFD2EF4738}.Release|Any CPU.Build.0 = Release|Any CPU
		{3376BFFB-C7EE-4EDE-B082-7C27EC9D3A62}.Debug|Any CPU.ActiveCfg = Debug|Any CPU
		{3376BFFB-C7EE-4EDE-B082-7C27EC9D3A62}.Debug|Any CPU.Build.0 = Debug|Any CPU
		{3376BFFB-C7EE-4EDE-B082-7C27EC9D3A62}.Release|Any CPU.ActiveCfg = Release|Any CPU
		{3376BFFB-C7EE-4EDE-B082-7C27EC9D3A62}.Release|Any CPU.Build.0 = Release|Any CPU
		{4287A6DE-C8DF-415B-A3C0-D47E0231EE19}.Debug|Any CPU.ActiveCfg = Debug|Any CPU
		{4287A6DE-C8DF-415B-A3C0-D47E0231EE19}.Debug|Any CPU.Build.0 = Debug|Any CPU
		{4287A6DE-C8DF-415B-A3C0-D47E0231EE19}.Release|Any CPU.ActiveCfg = Release|Any CPU
		{4287A6DE-C8DF-415B-A3C0-D47E0231EE19}.Release|Any CPU.Build.0 = Release|Any CPU
		{EC3DB155-7B80-4AA9-8CDB-972420780B65}.Debug|Any CPU.ActiveCfg = Debug|Any CPU
		{EC3DB155-7B80-4AA9-8CDB-972420780B65}.Debug|Any CPU.Build.0 = Debug|Any CPU
		{EC3DB155-7B80-4AA9-8CDB-972420780B65}.Release|Any CPU.ActiveCfg = Release|Any CPU
		{EC3DB155-7B80-4AA9-8CDB-972420780B65}.Release|Any CPU.Build.0 = Release|Any CPU
		{8CB376AD-6235-491C-A445-5AC3D4F726C3}.Debug|Any CPU.ActiveCfg = Debug|Any CPU
		{8CB376AD-6235-491C-A445-5AC3D4F726C3}.Debug|Any CPU.Build.0 = Debug|Any CPU
		{8CB376AD-6235-491C-A445-5AC3D4F726C3}.Release|Any CPU.ActiveCfg = Release|Any CPU
		{8CB376AD-6235-491C-A445-5AC3D4F726C3}.Release|Any CPU.Build.0 = Release|Any CPU
		{F95F551C-F908-4EE2-BBC3-E2EF3AFA67D1}.Debug|Any CPU.ActiveCfg = Debug|Any CPU
		{F95F551C-F908-4EE2-BBC3-E2EF3AFA67D1}.Debug|Any CPU.Build.0 = Debug|Any CPU
		{F95F551C-F908-4EE2-BBC3-E2EF3AFA67D1}.Release|Any CPU.ActiveCfg = Release|Any CPU
		{F95F551C-F908-4EE2-BBC3-E2EF3AFA67D1}.Release|Any CPU.Build.0 = Release|Any CPU
		{EACC1759-0632-4734-AFA0-0E9B987246EC}.Debug|Any CPU.ActiveCfg = Debug|Any CPU
		{EACC1759-0632-4734-AFA0-0E9B987246EC}.Debug|Any CPU.Build.0 = Debug|Any CPU
		{EACC1759-0632-4734-AFA0-0E9B987246EC}.Release|Any CPU.ActiveCfg = Release|Any CPU
		{EACC1759-0632-4734-AFA0-0E9B987246EC}.Release|Any CPU.Build.0 = Release|Any CPU
		{358C3BC2-E103-4775-A706-3853649C5F92}.Debug|Any CPU.ActiveCfg = Debug|Any CPU
		{358C3BC2-E103-4775-A706-3853649C5F92}.Debug|Any CPU.Build.0 = Debug|Any CPU
		{358C3BC2-E103-4775-A706-3853649C5F92}.Release|Any CPU.ActiveCfg = Release|Any CPU
		{358C3BC2-E103-4775-A706-3853649C5F92}.Release|Any CPU.Build.0 = Release|Any CPU
		{BB03E270-C1D8-4FEB-A5C9-71DD0C4E41AA}.Debug|Any CPU.ActiveCfg = Debug|Any CPU
		{BB03E270-C1D8-4FEB-A5C9-71DD0C4E41AA}.Debug|Any CPU.Build.0 = Debug|Any CPU
		{BB03E270-C1D8-4FEB-A5C9-71DD0C4E41AA}.Release|Any CPU.ActiveCfg = Release|Any CPU
		{BB03E270-C1D8-4FEB-A5C9-71DD0C4E41AA}.Release|Any CPU.Build.0 = Release|Any CPU
	EndGlobalSection
	GlobalSection(SolutionProperties) = preSolution
		HideSolutionNode = FALSE
	EndGlobalSection
	GlobalSection(NestedProjects) = preSolution
		{BB8EF43D-70B5-4FEE-9ECD-3D98B4DEC231} = {F419F5EA-5DED-481A-ABE7-E63DF46CC459}
		{8CE280D1-9A5A-4B53-913B-0BCB5ED22889} = {586D654D-2A99-4800-9347-6CC782DFE47E}
		{164E0A29-097E-4CAE-937E-CE681394F1A1} = {586D654D-2A99-4800-9347-6CC782DFE47E}
		{D1C4489C-7611-40F4-8044-00D0D0AEF694} = {164E0A29-097E-4CAE-937E-CE681394F1A1}
		{D1EDF63C-0CF0-496A-B858-5EDEA5AD48DC} = {164E0A29-097E-4CAE-937E-CE681394F1A1}
		{F4D221F1-0B8C-4B54-946A-977CBD4F70CA} = {164E0A29-097E-4CAE-937E-CE681394F1A1}
		{CD0CEE42-965E-45C9-8507-322F2BC60CC1} = {586D654D-2A99-4800-9347-6CC782DFE47E}
		{776099A3-B775-4795-A5DB-7A2730E94875} = {B1C81F82-FF50-4441-A8BD-EF04C20F5967}
		{F6B722E8-1E1E-4A00-A6AC-5BB4FB10E679} = {8CE280D1-9A5A-4B53-913B-0BCB5ED22889}
		{B1C81F82-FF50-4441-A8BD-EF04C20F5967} = {47772B71-4AB0-4FDE-99D1-B021B6236950}
		{886C60FB-EDBD-4C3E-8D00-418579E24794} = {CD0CEE42-965E-45C9-8507-322F2BC60CC1}
		{2A82496D-632A-48EF-990A-DFF510FD197A} = {47772B71-4AB0-4FDE-99D1-B021B6236950}
		{2965541D-1A12-47EB-BC37-B0372B163501} = {2A82496D-632A-48EF-990A-DFF510FD197A}
		{2B122EEE-1F9C-404C-ACFB-A9AFD2EF4738} = {D1C4489C-7611-40F4-8044-00D0D0AEF694}
		{3376BFFB-C7EE-4EDE-B082-7C27EC9D3A62} = {F4D221F1-0B8C-4B54-946A-977CBD4F70CA}
		{B2F19F7B-CB18-4C18-BD6B-683CB425C1B9} = {12BF4F2B-9411-4AC6-9BBD-E1144802D387}
		{B3EB0FBE-2C66-42C9-8E05-488DC5362D36} = {12BF4F2B-9411-4AC6-9BBD-E1144802D387}
		{12BF4F2B-9411-4AC6-9BBD-E1144802D387} = {47772B71-4AB0-4FDE-99D1-B021B6236950}
		{4287A6DE-C8DF-415B-A3C0-D47E0231EE19} = {B2F19F7B-CB18-4C18-BD6B-683CB425C1B9}
		{EC3DB155-7B80-4AA9-8CDB-972420780B65} = {B3EB0FBE-2C66-42C9-8E05-488DC5362D36}
		{8CB376AD-6235-491C-A445-5AC3D4F726C3} = {B3EB0FBE-2C66-42C9-8E05-488DC5362D36}
		{F95F551C-F908-4EE2-BBC3-E2EF3AFA67D1} = {F4D221F1-0B8C-4B54-946A-977CBD4F70CA}
		{E1A24B0A-A480-4DC5-AEAB-D33D8FF701CC} = {586D654D-2A99-4800-9347-6CC782DFE47E}
		{EACC1759-0632-4734-AFA0-0E9B987246EC} = {E1A24B0A-A480-4DC5-AEAB-D33D8FF701CC}
		{47D6E99C-1614-4AD0-BD96-841297088F11} = {47772B71-4AB0-4FDE-99D1-B021B6236950}
		{358C3BC2-E103-4775-A706-3853649C5F92} = {47D6E99C-1614-4AD0-BD96-841297088F11}
		{BB03E270-C1D8-4FEB-A5C9-71DD0C4E41AA} = {D1EDF63C-0CF0-496A-B858-5EDEA5AD48DC}
	EndGlobalSection
EndGlobal
