
Microsoft Visual Studio Solution File, Format Version 12.00
# Visual Studio Version 16
VisualStudioVersion = 16.0.29905.134
MinimumVisualStudioVersion = 10.0.40219.1
Project("{FAE04EC0-301F-11D3-BF4B-00C04F79EFBC}") = "CommonCode", "CommonCode\CommonCode.csproj", "{4D755FF7-84F5-4D29-A771-55F520F87814}"
EndProject
Project("{2150E333-8FDC-42A3-9474-1A3956D46DE8}") = "Nuget", "Nuget", "{A880AB6B-6874-4D18-B8FB-0A48B5AD9641}"
EndProject
Project("{FAE04EC0-301F-11D3-BF4B-00C04F79EFBC}") = "MVVM-Sidekick", "Nuget\MVVM-Sidekick\MVVM-Sidekick.csproj", "{DC5113AC-E6A3-4BA1-92A0-E6981563AB7A}"
	ProjectSection(ProjectDependencies) = postProject
		{A5B5880A-7085-4EDB-92B9-B409CBF582A1} = {A5B5880A-7085-4EDB-92B9-B409CBF582A1}
		{04854FCF-4AD8-49CC-AA83-ABBF07F278BD} = {04854FCF-4AD8-49CC-AA83-ABBF07F278BD}
	EndProjectSection
EndProject
Project("{2150E333-8FDC-42A3-9474-1A3956D46DE8}") = "Documents", "Documents", "{107292D9-FB47-471C-A651-BADCD72CB7CA}"
EndProject
Project("{FAE04EC0-301F-11D3-BF4B-00C04F79EFBC}") = "Documents", "Documents\Documents.csproj", "{22CF968A-8796-4F24-BAE6-20D05650F5F2}"
EndProject
Project("{2150E333-8FDC-42A3-9474-1A3956D46DE8}") = "Tests", "Tests", "{C5921E6D-635D-4D9B-A1C2-C84661D66CD4}"
EndProject
Project("{2150E333-8FDC-42A3-9474-1A3956D46DE8}") = "Libs", "Libs", "{C2833223-E4B1-418D-9668-D8DC53213FCA}"
EndProject
Project("{2150E333-8FDC-42A3-9474-1A3956D46DE8}") = "0 MVVM-Sidekick Package", "0 MVVM-Sidekick Package", "{517E25E4-E92C-4E76-8C58-79FB130B6CD4}"
EndProject
Project("{2150E333-8FDC-42A3-9474-1A3956D46DE8}") = "Samples", "Samples", "{9A63239D-4816-4C82-B408-AAB6B0D5FE39}"
EndProject
Project("{2150E333-8FDC-42A3-9474-1A3956D46DE8}") = "EventRouting", "EventRouting", "{D631B7B0-E263-4EF0-8749-9EB9B1AFE0C8}"
EndProject
Project("{FAE04EC0-301F-11D3-BF4B-00C04F79EFBC}") = "EventRoutingSample", "Samples\EventRouting\EventRoutingSample\EventRoutingSample.csproj", "{4E76A573-00FF-4DDB-88EB-B6B32A1D950B}"
EndProject
Project("{2150E333-8FDC-42A3-9474-1A3956D46DE8}") = "Validation", "Validation", "{CFCE545E-BDCE-4442-B76F-507F75389931}"
EndProject
Project("{FAE04EC0-301F-11D3-BF4B-00C04F79EFBC}") = "Validation", "Samples\Validation\Validation.csproj", "{17375DDC-753B-42E8-B14F-6C3DFE9C5A34}"
EndProject
Project("{FAE04EC0-301F-11D3-BF4B-00C04F79EFBC}") = "MVVMSidekick.Test.Playground.WPF", "MVVMSidekick.Test.Playground.WPF\MVVMSidekick.Test.Playground.WPF.csproj", "{05BBD5A2-6DCD-4AF7-8179-471632FD7DFF}"
EndProject
Project("{FAE04EC0-301F-11D3-BF4B-00C04F79EFBC}") = "MVVMSidekick_net46", "MVVMSidekick_net46\MVVMSidekick_net46.csproj", "{04854FCF-4AD8-49CC-AA83-ABBF07F278BD}"
	ProjectSection(ProjectDependencies) = postProject
		{4D755FF7-84F5-4D29-A771-55F520F87814} = {4D755FF7-84F5-4D29-A771-55F520F87814}
	EndProjectSection
EndProject
Project("{FAE04EC0-301F-11D3-BF4B-00C04F79EFBC}") = "MVVMSidekick_UAP10", "MVVMSidekick_UAP10\MVVMSidekick_UAP10.csproj", "{A5B5880A-7085-4EDB-92B9-B409CBF582A1}"
	ProjectSection(ProjectDependencies) = postProject
		{4D755FF7-84F5-4D29-A771-55F520F87814} = {4D755FF7-84F5-4D29-A771-55F520F87814}
	EndProjectSection
EndProject
Project("{FAE04EC0-301F-11D3-BF4B-00C04F79EFBC}") = "MVVMSidekick.Test.Playground", "MVVMSidekick.Test.Playground\MVVMSidekick.Test.Playground.csproj", "{CCD8612F-2E96-491A-837E-A7727F98B855}"
EndProject
Project("{FAE04EC0-301F-11D3-BF4B-00C04F79EFBC}") = "MVVMSidekick_net46.Test", "MVVMSidekick_net46.Test\MVVMSidekick_net46.Test.csproj", "{221450C3-C1E4-46B7-83BF-0F5C69C4EAC6}"
EndProject
Project("{2150E333-8FDC-42A3-9474-1A3956D46DE8}") = "VSIX", "VSIX", "{F419F5EA-5DED-481A-ABE7-E63DF46CC459}"
EndProject
Project("{2150E333-8FDC-42A3-9474-1A3956D46DE8}") = "UAP", "UAP", "{8CE280D1-9A5A-4B53-913B-0BCB5ED22889}"
EndProject
Project("{2150E333-8FDC-42A3-9474-1A3956D46DE8}") = "ProjectTemplates", "ProjectTemplates", "{586D654D-2A99-4800-9347-6CC782DFE47E}"
EndProject
Project("{2150E333-8FDC-42A3-9474-1A3956D46DE8}") = "Windows Desktop", "Windows Desktop", "{CD0CEE42-965E-45C9-8507-322F2BC60CC1}"
EndProject
Project("{2150E333-8FDC-42A3-9474-1A3956D46DE8}") = "ItemTemplates", "ItemTemplates", "{47772B71-4AB0-4FDE-99D1-B021B6236950}"
EndProject
Project("{2150E333-8FDC-42A3-9474-1A3956D46DE8}") = "UAP", "UAP", "{B1C81F82-FF50-4441-A8BD-EF04C20F5967}"
EndProject
Project("{2150E333-8FDC-42A3-9474-1A3956D46DE8}") = "Windows Desktop", "Windows Desktop", "{2A82496D-632A-48EF-990A-DFF510FD197A}"
EndProject
Project("{FAE04EC0-301F-11D3-BF4B-00C04F79EFBC}") = "MVVMSidekickViewWithVM", "VSExtensions2019\ItemTemplates\UAP\MVVMSidekickViewWithVM\MVVMSidekickViewWithVM.csproj", "{776099A3-B775-4795-A5DB-7A2730E94875}"
	ProjectSection(ProjectDependencies) = postProject
		{DC5113AC-E6A3-4BA1-92A0-E6981563AB7A} = {DC5113AC-E6A3-4BA1-92A0-E6981563AB7A}
	EndProjectSection
EndProject
Project("{FAE04EC0-301F-11D3-BF4B-00C04F79EFBC}") = "BlankApplication", "VSExtensions2019\ProjectTemplates\UAP\BlankApplication\BlankApplication.csproj", "{F6B722E8-1E1E-4A00-A6AC-5BB4FB10E679}"
	ProjectSection(ProjectDependencies) = postProject
		{DC5113AC-E6A3-4BA1-92A0-E6981563AB7A} = {DC5113AC-E6A3-4BA1-92A0-E6981563AB7A}
	EndProjectSection
EndProject
Project("{FAE04EC0-301F-11D3-BF4B-00C04F79EFBC}") = "MVVMSidekickApplication.WPF", "VSExtensions2019\ProjectTemplates\Windows Desktop\MVVMSidekickApplication.WPF\MVVMSidekickApplication.WPF.csproj", "{886C60FB-EDBD-4C3E-8D00-418579E24794}"
	ProjectSection(ProjectDependencies) = postProject
		{DC5113AC-E6A3-4BA1-92A0-E6981563AB7A} = {DC5113AC-E6A3-4BA1-92A0-E6981563AB7A}
	EndProjectSection
EndProject
Project("{FAE04EC0-301F-11D3-BF4B-00C04F79EFBC}") = "MVVMSidekickViewWithVM.WPF", "VSExtensions2019\ItemTemplates\Windows Desktop\MVVMSidekickViewWithVM.WPF\MVVMSidekickViewWithVM.WPF.csproj", "{2965541D-1A12-47EB-BC37-B0372B163501}"
	ProjectSection(ProjectDependencies) = postProject
		{DC5113AC-E6A3-4BA1-92A0-E6981563AB7A} = {DC5113AC-E6A3-4BA1-92A0-E6981563AB7A}
	EndProjectSection
EndProject
Project("{2150E333-8FDC-42A3-9474-1A3956D46DE8}") = "VSExtensions2019", "VSExtensions2019", "{2702C852-B39A-4DCE-8EF5-15E6D2406E8C}"
EndProject
Project("{FAE04EC0-301F-11D3-BF4B-00C04F79EFBC}") = "MVVM-Sidekick-Extensions", "VSExtensions2019\MVVM-Sidekick-Extensions\MVVM-Sidekick-Extensions.csproj", "{7E3611EE-B983-467A-AEA2-A85EEC06FAA8}"
EndProject
Project("{9A19103F-16F7-4668-BE54-9A1E7A4F7556}") = "MVVMSidekick.Core", "MVVMSidekick.Core\MVVMSidekick.Core.csproj", "{75CDDD63-D052-444D-8203-3807ABD66A0E}"
EndProject
Global
	GlobalSection(SharedMSBuildProjectFiles) = preSolution
		MVVMSidekick.Shared\MVVMSidekick.Shared.projitems*{04854fcf-4ad8-49cc-aa83-abbf07f278bd}*SharedItemsImports = 4
		MVVMSidekick.Shared\MVVMSidekick.Shared.projitems*{a5b5880a-7085-4edb-92b9-b409cbf582a1}*SharedItemsImports = 4
	EndGlobalSection
	GlobalSection(SolutionConfigurationPlatforms) = preSolution
		Debug|Any CPU = Debug|Any CPU
		Debug|ARM = Debug|ARM
		Debug|Mixed Platforms = Debug|Mixed Platforms
		Debug|x64 = Debug|x64
		Debug|x86 = Debug|x86
		Release|Any CPU = Release|Any CPU
		Release|ARM = Release|ARM
		Release|Mixed Platforms = Release|Mixed Platforms
		Release|x64 = Release|x64
		Release|x86 = Release|x86
	EndGlobalSection
	GlobalSection(ProjectConfigurationPlatforms) = postSolution
		{4D755FF7-84F5-4D29-A771-55F520F87814}.Debug|Any CPU.ActiveCfg = Debug|Any CPU
		{4D755FF7-84F5-4D29-A771-55F520F87814}.Debug|Any CPU.Build.0 = Debug|Any CPU
		{4D755FF7-84F5-4D29-A771-55F520F87814}.Debug|ARM.ActiveCfg = Debug|Any CPU
		{4D755FF7-84F5-4D29-A771-55F520F87814}.Debug|Mixed Platforms.ActiveCfg = Debug|Any CPU
		{4D755FF7-84F5-4D29-A771-55F520F87814}.Debug|Mixed Platforms.Build.0 = Debug|Any CPU
		{4D755FF7-84F5-4D29-A771-55F520F87814}.Debug|x64.ActiveCfg = Debug|Any CPU
		{4D755FF7-84F5-4D29-A771-55F520F87814}.Debug|x86.ActiveCfg = Debug|Any CPU
		{4D755FF7-84F5-4D29-A771-55F520F87814}.Release|Any CPU.ActiveCfg = Release|Any CPU
		{4D755FF7-84F5-4D29-A771-55F520F87814}.Release|Any CPU.Build.0 = Release|Any CPU
		{4D755FF7-84F5-4D29-A771-55F520F87814}.Release|ARM.ActiveCfg = Release|Any CPU
		{4D755FF7-84F5-4D29-A771-55F520F87814}.Release|Mixed Platforms.ActiveCfg = Debug|Any CPU
		{4D755FF7-84F5-4D29-A771-55F520F87814}.Release|Mixed Platforms.Build.0 = Debug|Any CPU
		{4D755FF7-84F5-4D29-A771-55F520F87814}.Release|x64.ActiveCfg = Release|Any CPU
		{4D755FF7-84F5-4D29-A771-55F520F87814}.Release|x86.ActiveCfg = Release|Any CPU
		{DC5113AC-E6A3-4BA1-92A0-E6981563AB7A}.Debug|Any CPU.ActiveCfg = Debug|Any CPU
		{DC5113AC-E6A3-4BA1-92A0-E6981563AB7A}.Debug|Any CPU.Build.0 = Debug|Any CPU
		{DC5113AC-E6A3-4BA1-92A0-E6981563AB7A}.Debug|ARM.ActiveCfg = Debug|Any CPU
		{DC5113AC-E6A3-4BA1-92A0-E6981563AB7A}.Debug|Mixed Platforms.ActiveCfg = Debug|Any CPU
		{DC5113AC-E6A3-4BA1-92A0-E6981563AB7A}.Debug|x64.ActiveCfg = Debug|Any CPU
		{DC5113AC-E6A3-4BA1-92A0-E6981563AB7A}.Debug|x86.ActiveCfg = Debug|Any CPU
		{DC5113AC-E6A3-4BA1-92A0-E6981563AB7A}.Release|Any CPU.ActiveCfg = Release|Any CPU
		{DC5113AC-E6A3-4BA1-92A0-E6981563AB7A}.Release|Any CPU.Build.0 = Release|Any CPU
		{DC5113AC-E6A3-4BA1-92A0-E6981563AB7A}.Release|ARM.ActiveCfg = Release|Any CPU
		{DC5113AC-E6A3-4BA1-92A0-E6981563AB7A}.Release|Mixed Platforms.ActiveCfg = Release|Any CPU
		{DC5113AC-E6A3-4BA1-92A0-E6981563AB7A}.Release|Mixed Platforms.Build.0 = Release|Any CPU
		{DC5113AC-E6A3-4BA1-92A0-E6981563AB7A}.Release|x64.ActiveCfg = Release|Any CPU
		{DC5113AC-E6A3-4BA1-92A0-E6981563AB7A}.Release|x86.ActiveCfg = Release|Any CPU
		{22CF968A-8796-4F24-BAE6-20D05650F5F2}.Debug|Any CPU.ActiveCfg = Debug|Any CPU
		{22CF968A-8796-4F24-BAE6-20D05650F5F2}.Debug|Any CPU.Build.0 = Debug|Any CPU
		{22CF968A-8796-4F24-BAE6-20D05650F5F2}.Debug|ARM.ActiveCfg = Debug|Any CPU
		{22CF968A-8796-4F24-BAE6-20D05650F5F2}.Debug|Mixed Platforms.ActiveCfg = Debug|Any CPU
		{22CF968A-8796-4F24-BAE6-20D05650F5F2}.Debug|Mixed Platforms.Build.0 = Debug|Any CPU
		{22CF968A-8796-4F24-BAE6-20D05650F5F2}.Debug|x64.ActiveCfg = Debug|Any CPU
		{22CF968A-8796-4F24-BAE6-20D05650F5F2}.Debug|x86.ActiveCfg = Debug|Any CPU
		{22CF968A-8796-4F24-BAE6-20D05650F5F2}.Release|Any CPU.ActiveCfg = Release|Any CPU
		{22CF968A-8796-4F24-BAE6-20D05650F5F2}.Release|Any CPU.Build.0 = Release|Any CPU
		{22CF968A-8796-4F24-BAE6-20D05650F5F2}.Release|ARM.ActiveCfg = Release|Any CPU
		{22CF968A-8796-4F24-BAE6-20D05650F5F2}.Release|Mixed Platforms.ActiveCfg = Release|Any CPU
		{22CF968A-8796-4F24-BAE6-20D05650F5F2}.Release|Mixed Platforms.Build.0 = Release|Any CPU
		{22CF968A-8796-4F24-BAE6-20D05650F5F2}.Release|x64.ActiveCfg = Release|Any CPU
		{22CF968A-8796-4F24-BAE6-20D05650F5F2}.Release|x86.ActiveCfg = Release|Any CPU
		{4E76A573-00FF-4DDB-88EB-B6B32A1D950B}.Debug|Any CPU.ActiveCfg = Debug|Any CPU
		{4E76A573-00FF-4DDB-88EB-B6B32A1D950B}.Debug|Any CPU.Build.0 = Debug|Any CPU
		{4E76A573-00FF-4DDB-88EB-B6B32A1D950B}.Debug|ARM.ActiveCfg = Debug|Any CPU
		{4E76A573-00FF-4DDB-88EB-B6B32A1D950B}.Debug|ARM.Build.0 = Debug|Any CPU
		{4E76A573-00FF-4DDB-88EB-B6B32A1D950B}.Debug|Mixed Platforms.ActiveCfg = Debug|Any CPU
		{4E76A573-00FF-4DDB-88EB-B6B32A1D950B}.Debug|Mixed Platforms.Build.0 = Debug|Any CPU
		{4E76A573-00FF-4DDB-88EB-B6B32A1D950B}.Debug|x64.ActiveCfg = Debug|Any CPU
		{4E76A573-00FF-4DDB-88EB-B6B32A1D950B}.Debug|x64.Build.0 = Debug|Any CPU
		{4E76A573-00FF-4DDB-88EB-B6B32A1D950B}.Debug|x86.ActiveCfg = Debug|Any CPU
		{4E76A573-00FF-4DDB-88EB-B6B32A1D950B}.Debug|x86.Build.0 = Debug|Any CPU
		{4E76A573-00FF-4DDB-88EB-B6B32A1D950B}.Release|Any CPU.ActiveCfg = Release|Any CPU
		{4E76A573-00FF-4DDB-88EB-B6B32A1D950B}.Release|Any CPU.Build.0 = Release|Any CPU
		{4E76A573-00FF-4DDB-88EB-B6B32A1D950B}.Release|ARM.ActiveCfg = Release|Any CPU
		{4E76A573-00FF-4DDB-88EB-B6B32A1D950B}.Release|ARM.Build.0 = Release|Any CPU
		{4E76A573-00FF-4DDB-88EB-B6B32A1D950B}.Release|Mixed Platforms.ActiveCfg = Release|Any CPU
		{4E76A573-00FF-4DDB-88EB-B6B32A1D950B}.Release|Mixed Platforms.Build.0 = Release|Any CPU
		{4E76A573-00FF-4DDB-88EB-B6B32A1D950B}.Release|x64.ActiveCfg = Release|Any CPU
		{4E76A573-00FF-4DDB-88EB-B6B32A1D950B}.Release|x64.Build.0 = Release|Any CPU
		{4E76A573-00FF-4DDB-88EB-B6B32A1D950B}.Release|x86.ActiveCfg = Release|Any CPU
		{4E76A573-00FF-4DDB-88EB-B6B32A1D950B}.Release|x86.Build.0 = Release|Any CPU
		{17375DDC-753B-42E8-B14F-6C3DFE9C5A34}.Debug|Any CPU.ActiveCfg = Debug|x86
		{17375DDC-753B-42E8-B14F-6C3DFE9C5A34}.Debug|ARM.ActiveCfg = Debug|ARM
		{17375DDC-753B-42E8-B14F-6C3DFE9C5A34}.Debug|ARM.Build.0 = Debug|ARM
		{17375DDC-753B-42E8-B14F-6C3DFE9C5A34}.Debug|ARM.Deploy.0 = Debug|ARM
		{17375DDC-753B-42E8-B14F-6C3DFE9C5A34}.Debug|Mixed Platforms.ActiveCfg = Debug|x86
		{17375DDC-753B-42E8-B14F-6C3DFE9C5A34}.Debug|Mixed Platforms.Build.0 = Debug|x86
		{17375DDC-753B-42E8-B14F-6C3DFE9C5A34}.Debug|Mixed Platforms.Deploy.0 = Debug|x86
		{17375DDC-753B-42E8-B14F-6C3DFE9C5A34}.Debug|x64.ActiveCfg = Debug|x64
		{17375DDC-753B-42E8-B14F-6C3DFE9C5A34}.Debug|x64.Build.0 = Debug|x64
		{17375DDC-753B-42E8-B14F-6C3DFE9C5A34}.Debug|x64.Deploy.0 = Debug|x64
		{17375DDC-753B-42E8-B14F-6C3DFE9C5A34}.Debug|x86.ActiveCfg = Debug|x86
		{17375DDC-753B-42E8-B14F-6C3DFE9C5A34}.Debug|x86.Build.0 = Debug|x86
		{17375DDC-753B-42E8-B14F-6C3DFE9C5A34}.Debug|x86.Deploy.0 = Debug|x86
		{17375DDC-753B-42E8-B14F-6C3DFE9C5A34}.Release|Any CPU.ActiveCfg = Release|x86
		{17375DDC-753B-42E8-B14F-6C3DFE9C5A34}.Release|ARM.ActiveCfg = Release|ARM
		{17375DDC-753B-42E8-B14F-6C3DFE9C5A34}.Release|ARM.Build.0 = Release|ARM
		{17375DDC-753B-42E8-B14F-6C3DFE9C5A34}.Release|ARM.Deploy.0 = Release|ARM
		{17375DDC-753B-42E8-B14F-6C3DFE9C5A34}.Release|Mixed Platforms.ActiveCfg = Release|x86
		{17375DDC-753B-42E8-B14F-6C3DFE9C5A34}.Release|Mixed Platforms.Build.0 = Release|x86
		{17375DDC-753B-42E8-B14F-6C3DFE9C5A34}.Release|Mixed Platforms.Deploy.0 = Release|x86
		{17375DDC-753B-42E8-B14F-6C3DFE9C5A34}.Release|x64.ActiveCfg = Release|x64
		{17375DDC-753B-42E8-B14F-6C3DFE9C5A34}.Release|x64.Build.0 = Release|x64
		{17375DDC-753B-42E8-B14F-6C3DFE9C5A34}.Release|x64.Deploy.0 = Release|x64
		{17375DDC-753B-42E8-B14F-6C3DFE9C5A34}.Release|x86.ActiveCfg = Release|x86
		{17375DDC-753B-42E8-B14F-6C3DFE9C5A34}.Release|x86.Build.0 = Release|x86
		{17375DDC-753B-42E8-B14F-6C3DFE9C5A34}.Release|x86.Deploy.0 = Release|x86
		{05BBD5A2-6DCD-4AF7-8179-471632FD7DFF}.Debug|Any CPU.ActiveCfg = Debug|Any CPU
		{05BBD5A2-6DCD-4AF7-8179-471632FD7DFF}.Debug|Any CPU.Build.0 = Debug|Any CPU
		{05BBD5A2-6DCD-4AF7-8179-471632FD7DFF}.Debug|ARM.ActiveCfg = Debug|Any CPU
		{05BBD5A2-6DCD-4AF7-8179-471632FD7DFF}.Debug|ARM.Build.0 = Debug|Any CPU
		{05BBD5A2-6DCD-4AF7-8179-471632FD7DFF}.Debug|Mixed Platforms.ActiveCfg = Debug|Any CPU
		{05BBD5A2-6DCD-4AF7-8179-471632FD7DFF}.Debug|Mixed Platforms.Build.0 = Debug|Any CPU
		{05BBD5A2-6DCD-4AF7-8179-471632FD7DFF}.Debug|x64.ActiveCfg = Debug|Any CPU
		{05BBD5A2-6DCD-4AF7-8179-471632FD7DFF}.Debug|x64.Build.0 = Debug|Any CPU
		{05BBD5A2-6DCD-4AF7-8179-471632FD7DFF}.Debug|x86.ActiveCfg = Debug|Any CPU
		{05BBD5A2-6DCD-4AF7-8179-471632FD7DFF}.Debug|x86.Build.0 = Debug|Any CPU
		{05BBD5A2-6DCD-4AF7-8179-471632FD7DFF}.Release|Any CPU.ActiveCfg = Release|x64
		{05BBD5A2-6DCD-4AF7-8179-471632FD7DFF}.Release|Any CPU.Build.0 = Release|x64
		{05BBD5A2-6DCD-4AF7-8179-471632FD7DFF}.Release|ARM.ActiveCfg = Release|Any CPU
		{05BBD5A2-6DCD-4AF7-8179-471632FD7DFF}.Release|ARM.Build.0 = Release|Any CPU
		{05BBD5A2-6DCD-4AF7-8179-471632FD7DFF}.Release|Mixed Platforms.ActiveCfg = Debug|Any CPU
		{05BBD5A2-6DCD-4AF7-8179-471632FD7DFF}.Release|Mixed Platforms.Build.0 = Debug|Any CPU
		{05BBD5A2-6DCD-4AF7-8179-471632FD7DFF}.Release|x64.ActiveCfg = Release|Any CPU
		{05BBD5A2-6DCD-4AF7-8179-471632FD7DFF}.Release|x64.Build.0 = Release|Any CPU
		{05BBD5A2-6DCD-4AF7-8179-471632FD7DFF}.Release|x86.ActiveCfg = Release|Any CPU
		{05BBD5A2-6DCD-4AF7-8179-471632FD7DFF}.Release|x86.Build.0 = Release|Any CPU
		{04854FCF-4AD8-49CC-AA83-ABBF07F278BD}.Debug|Any CPU.ActiveCfg = Debug|Any CPU
		{04854FCF-4AD8-49CC-AA83-ABBF07F278BD}.Debug|Any CPU.Build.0 = Debug|Any CPU
		{04854FCF-4AD8-49CC-AA83-ABBF07F278BD}.Debug|ARM.ActiveCfg = Debug|Any CPU
		{04854FCF-4AD8-49CC-AA83-ABBF07F278BD}.Debug|ARM.Build.0 = Debug|Any CPU
		{04854FCF-4AD8-49CC-AA83-ABBF07F278BD}.Debug|Mixed Platforms.ActiveCfg = Debug|Any CPU
		{04854FCF-4AD8-49CC-AA83-ABBF07F278BD}.Debug|Mixed Platforms.Build.0 = Debug|Any CPU
		{04854FCF-4AD8-49CC-AA83-ABBF07F278BD}.Debug|x64.ActiveCfg = Debug|Any CPU
		{04854FCF-4AD8-49CC-AA83-ABBF07F278BD}.Debug|x64.Build.0 = Debug|Any CPU
		{04854FCF-4AD8-49CC-AA83-ABBF07F278BD}.Debug|x86.ActiveCfg = Debug|Any CPU
		{04854FCF-4AD8-49CC-AA83-ABBF07F278BD}.Debug|x86.Build.0 = Debug|Any CPU
		{04854FCF-4AD8-49CC-AA83-ABBF07F278BD}.Release|Any CPU.ActiveCfg = Release|Any CPU
		{04854FCF-4AD8-49CC-AA83-ABBF07F278BD}.Release|Any CPU.Build.0 = Release|Any CPU
		{04854FCF-4AD8-49CC-AA83-ABBF07F278BD}.Release|ARM.ActiveCfg = Release|Any CPU
		{04854FCF-4AD8-49CC-AA83-ABBF07F278BD}.Release|ARM.Build.0 = Release|Any CPU
		{04854FCF-4AD8-49CC-AA83-ABBF07F278BD}.Release|Mixed Platforms.ActiveCfg = Release|Any CPU
		{04854FCF-4AD8-49CC-AA83-ABBF07F278BD}.Release|Mixed Platforms.Build.0 = Release|Any CPU
		{04854FCF-4AD8-49CC-AA83-ABBF07F278BD}.Release|x64.ActiveCfg = Release|Any CPU
		{04854FCF-4AD8-49CC-AA83-ABBF07F278BD}.Release|x64.Build.0 = Release|Any CPU
		{04854FCF-4AD8-49CC-AA83-ABBF07F278BD}.Release|x86.ActiveCfg = Release|Any CPU
		{04854FCF-4AD8-49CC-AA83-ABBF07F278BD}.Release|x86.Build.0 = Release|Any CPU
		{A5B5880A-7085-4EDB-92B9-B409CBF582A1}.Debug|Any CPU.ActiveCfg = Debug|Any CPU
		{A5B5880A-7085-4EDB-92B9-B409CBF582A1}.Debug|Any CPU.Build.0 = Debug|Any CPU
		{A5B5880A-7085-4EDB-92B9-B409CBF582A1}.Debug|ARM.ActiveCfg = Debug|ARM
		{A5B5880A-7085-4EDB-92B9-B409CBF582A1}.Debug|ARM.Build.0 = Debug|ARM
		{A5B5880A-7085-4EDB-92B9-B409CBF582A1}.Debug|Mixed Platforms.ActiveCfg = Debug|x86
		{A5B5880A-7085-4EDB-92B9-B409CBF582A1}.Debug|Mixed Platforms.Build.0 = Debug|x86
		{A5B5880A-7085-4EDB-92B9-B409CBF582A1}.Debug|x64.ActiveCfg = Debug|x64
		{A5B5880A-7085-4EDB-92B9-B409CBF582A1}.Debug|x64.Build.0 = Debug|x64
		{A5B5880A-7085-4EDB-92B9-B409CBF582A1}.Debug|x86.ActiveCfg = Debug|x86
		{A5B5880A-7085-4EDB-92B9-B409CBF582A1}.Debug|x86.Build.0 = Debug|x86
		{A5B5880A-7085-4EDB-92B9-B409CBF582A1}.Release|Any CPU.ActiveCfg = Release|Any CPU
		{A5B5880A-7085-4EDB-92B9-B409CBF582A1}.Release|Any CPU.Build.0 = Release|Any CPU
		{A5B5880A-7085-4EDB-92B9-B409CBF582A1}.Release|ARM.ActiveCfg = Release|ARM
		{A5B5880A-7085-4EDB-92B9-B409CBF582A1}.Release|ARM.Build.0 = Release|ARM
		{A5B5880A-7085-4EDB-92B9-B409CBF582A1}.Release|Mixed Platforms.ActiveCfg = Release|Any CPU
		{A5B5880A-7085-4EDB-92B9-B409CBF582A1}.Release|Mixed Platforms.Build.0 = Release|Any CPU
		{A5B5880A-7085-4EDB-92B9-B409CBF582A1}.Release|x64.ActiveCfg = Release|x64
		{A5B5880A-7085-4EDB-92B9-B409CBF582A1}.Release|x64.Build.0 = Release|x64
		{A5B5880A-7085-4EDB-92B9-B409CBF582A1}.Release|x86.ActiveCfg = Release|x86
		{A5B5880A-7085-4EDB-92B9-B409CBF582A1}.Release|x86.Build.0 = Release|x86
		{CCD8612F-2E96-491A-837E-A7727F98B855}.Debug|Any CPU.ActiveCfg = Debug|x86
		{CCD8612F-2E96-491A-837E-A7727F98B855}.Debug|ARM.ActiveCfg = Debug|ARM
		{CCD8612F-2E96-491A-837E-A7727F98B855}.Debug|ARM.Build.0 = Debug|ARM
		{CCD8612F-2E96-491A-837E-A7727F98B855}.Debug|ARM.Deploy.0 = Debug|ARM
		{CCD8612F-2E96-491A-837E-A7727F98B855}.Debug|Mixed Platforms.ActiveCfg = Debug|x86
		{CCD8612F-2E96-491A-837E-A7727F98B855}.Debug|Mixed Platforms.Build.0 = Debug|x86
		{CCD8612F-2E96-491A-837E-A7727F98B855}.Debug|Mixed Platforms.Deploy.0 = Debug|x86
		{CCD8612F-2E96-491A-837E-A7727F98B855}.Debug|x64.ActiveCfg = Debug|x64
		{CCD8612F-2E96-491A-837E-A7727F98B855}.Debug|x64.Build.0 = Debug|x64
		{CCD8612F-2E96-491A-837E-A7727F98B855}.Debug|x64.Deploy.0 = Debug|x64
		{CCD8612F-2E96-491A-837E-A7727F98B855}.Debug|x86.ActiveCfg = Debug|x86
		{CCD8612F-2E96-491A-837E-A7727F98B855}.Debug|x86.Build.0 = Debug|x86
		{CCD8612F-2E96-491A-837E-A7727F98B855}.Debug|x86.Deploy.0 = Debug|x86
		{CCD8612F-2E96-491A-837E-A7727F98B855}.Release|Any CPU.ActiveCfg = Release|x86
		{CCD8612F-2E96-491A-837E-A7727F98B855}.Release|ARM.ActiveCfg = Release|ARM
		{CCD8612F-2E96-491A-837E-A7727F98B855}.Release|ARM.Build.0 = Release|ARM
		{CCD8612F-2E96-491A-837E-A7727F98B855}.Release|ARM.Deploy.0 = Release|ARM
		{CCD8612F-2E96-491A-837E-A7727F98B855}.Release|Mixed Platforms.ActiveCfg = Debug|x86
		{CCD8612F-2E96-491A-837E-A7727F98B855}.Release|Mixed Platforms.Build.0 = Debug|x86
		{CCD8612F-2E96-491A-837E-A7727F98B855}.Release|Mixed Platforms.Deploy.0 = Debug|x86
		{CCD8612F-2E96-491A-837E-A7727F98B855}.Release|x64.ActiveCfg = Release|x64
		{CCD8612F-2E96-491A-837E-A7727F98B855}.Release|x64.Build.0 = Release|x64
		{CCD8612F-2E96-491A-837E-A7727F98B855}.Release|x64.Deploy.0 = Release|x64
		{CCD8612F-2E96-491A-837E-A7727F98B855}.Release|x86.ActiveCfg = Release|x86
		{CCD8612F-2E96-491A-837E-A7727F98B855}.Release|x86.Build.0 = Release|x86
		{CCD8612F-2E96-491A-837E-A7727F98B855}.Release|x86.Deploy.0 = Release|x86
		{221450C3-C1E4-46B7-83BF-0F5C69C4EAC6}.Debug|Any CPU.ActiveCfg = Debug|Any CPU
		{221450C3-C1E4-46B7-83BF-0F5C69C4EAC6}.Debug|Any CPU.Build.0 = Debug|Any CPU
		{221450C3-C1E4-46B7-83BF-0F5C69C4EAC6}.Debug|ARM.ActiveCfg = Debug|Any CPU
		{221450C3-C1E4-46B7-83BF-0F5C69C4EAC6}.Debug|ARM.Build.0 = Debug|Any CPU
		{221450C3-C1E4-46B7-83BF-0F5C69C4EAC6}.Debug|Mixed Platforms.ActiveCfg = Debug|Any CPU
		{221450C3-C1E4-46B7-83BF-0F5C69C4EAC6}.Debug|Mixed Platforms.Build.0 = Debug|Any CPU
		{221450C3-C1E4-46B7-83BF-0F5C69C4EAC6}.Debug|x64.ActiveCfg = Debug|Any CPU
		{221450C3-C1E4-46B7-83BF-0F5C69C4EAC6}.Debug|x64.Build.0 = Debug|Any CPU
		{221450C3-C1E4-46B7-83BF-0F5C69C4EAC6}.Debug|x86.ActiveCfg = Debug|Any CPU
		{221450C3-C1E4-46B7-83BF-0F5C69C4EAC6}.Debug|x86.Build.0 = Debug|Any CPU
		{221450C3-C1E4-46B7-83BF-0F5C69C4EAC6}.Release|Any CPU.ActiveCfg = Release|Any CPU
		{221450C3-C1E4-46B7-83BF-0F5C69C4EAC6}.Release|Any CPU.Build.0 = Release|Any CPU
		{221450C3-C1E4-46B7-83BF-0F5C69C4EAC6}.Release|ARM.ActiveCfg = Release|Any CPU
		{221450C3-C1E4-46B7-83BF-0F5C69C4EAC6}.Release|ARM.Build.0 = Release|Any CPU
		{221450C3-C1E4-46B7-83BF-0F5C69C4EAC6}.Release|Mixed Platforms.ActiveCfg = Release|Any CPU
		{221450C3-C1E4-46B7-83BF-0F5C69C4EAC6}.Release|Mixed Platforms.Build.0 = Release|Any CPU
		{221450C3-C1E4-46B7-83BF-0F5C69C4EAC6}.Release|x64.ActiveCfg = Release|Any CPU
		{221450C3-C1E4-46B7-83BF-0F5C69C4EAC6}.Release|x64.Build.0 = Release|Any CPU
		{221450C3-C1E4-46B7-83BF-0F5C69C4EAC6}.Release|x86.ActiveCfg = Release|Any CPU
		{221450C3-C1E4-46B7-83BF-0F5C69C4EAC6}.Release|x86.Build.0 = Release|Any CPU
		{776099A3-B775-4795-A5DB-7A2730E94875}.Debug|Any CPU.ActiveCfg = Debug|Any CPU
		{776099A3-B775-4795-A5DB-7A2730E94875}.Debug|Any CPU.Build.0 = Debug|Any CPU
		{776099A3-B775-4795-A5DB-7A2730E94875}.Debug|ARM.ActiveCfg = Debug|Any CPU
		{776099A3-B775-4795-A5DB-7A2730E94875}.Debug|ARM.Build.0 = Debug|Any CPU
		{776099A3-B775-4795-A5DB-7A2730E94875}.Debug|Mixed Platforms.ActiveCfg = Debug|Any CPU
		{776099A3-B775-4795-A5DB-7A2730E94875}.Debug|Mixed Platforms.Build.0 = Debug|Any CPU
		{776099A3-B775-4795-A5DB-7A2730E94875}.Debug|x64.ActiveCfg = Debug|Any CPU
		{776099A3-B775-4795-A5DB-7A2730E94875}.Debug|x64.Build.0 = Debug|Any CPU
		{776099A3-B775-4795-A5DB-7A2730E94875}.Debug|x86.ActiveCfg = Debug|Any CPU
		{776099A3-B775-4795-A5DB-7A2730E94875}.Debug|x86.Build.0 = Debug|Any CPU
		{776099A3-B775-4795-A5DB-7A2730E94875}.Release|Any CPU.ActiveCfg = Release|Any CPU
		{776099A3-B775-4795-A5DB-7A2730E94875}.Release|Any CPU.Build.0 = Release|Any CPU
		{776099A3-B775-4795-A5DB-7A2730E94875}.Release|ARM.ActiveCfg = Release|Any CPU
		{776099A3-B775-4795-A5DB-7A2730E94875}.Release|ARM.Build.0 = Release|Any CPU
		{776099A3-B775-4795-A5DB-7A2730E94875}.Release|Mixed Platforms.ActiveCfg = Release|Any CPU
		{776099A3-B775-4795-A5DB-7A2730E94875}.Release|Mixed Platforms.Build.0 = Release|Any CPU
		{776099A3-B775-4795-A5DB-7A2730E94875}.Release|x64.ActiveCfg = Release|Any CPU
		{776099A3-B775-4795-A5DB-7A2730E94875}.Release|x64.Build.0 = Release|Any CPU
		{776099A3-B775-4795-A5DB-7A2730E94875}.Release|x86.ActiveCfg = Release|Any CPU
		{776099A3-B775-4795-A5DB-7A2730E94875}.Release|x86.Build.0 = Release|Any CPU
		{F6B722E8-1E1E-4A00-A6AC-5BB4FB10E679}.Debug|Any CPU.ActiveCfg = Debug|Any CPU
		{F6B722E8-1E1E-4A00-A6AC-5BB4FB10E679}.Debug|Any CPU.Build.0 = Debug|Any CPU
		{F6B722E8-1E1E-4A00-A6AC-5BB4FB10E679}.Debug|ARM.ActiveCfg = Debug|Any CPU
		{F6B722E8-1E1E-4A00-A6AC-5BB4FB10E679}.Debug|ARM.Build.0 = Debug|Any CPU
		{F6B722E8-1E1E-4A00-A6AC-5BB4FB10E679}.Debug|Mixed Platforms.ActiveCfg = Debug|Any CPU
		{F6B722E8-1E1E-4A00-A6AC-5BB4FB10E679}.Debug|Mixed Platforms.Build.0 = Debug|Any CPU
		{F6B722E8-1E1E-4A00-A6AC-5BB4FB10E679}.Debug|x64.ActiveCfg = Debug|Any CPU
		{F6B722E8-1E1E-4A00-A6AC-5BB4FB10E679}.Debug|x64.Build.0 = Debug|Any CPU
		{F6B722E8-1E1E-4A00-A6AC-5BB4FB10E679}.Debug|x86.ActiveCfg = Debug|Any CPU
		{F6B722E8-1E1E-4A00-A6AC-5BB4FB10E679}.Debug|x86.Build.0 = Debug|Any CPU
		{F6B722E8-1E1E-4A00-A6AC-5BB4FB10E679}.Release|Any CPU.ActiveCfg = Release|Any CPU
		{F6B722E8-1E1E-4A00-A6AC-5BB4FB10E679}.Release|Any CPU.Build.0 = Release|Any CPU
		{F6B722E8-1E1E-4A00-A6AC-5BB4FB10E679}.Release|ARM.ActiveCfg = Release|Any CPU
		{F6B722E8-1E1E-4A00-A6AC-5BB4FB10E679}.Release|ARM.Build.0 = Release|Any CPU
		{F6B722E8-1E1E-4A00-A6AC-5BB4FB10E679}.Release|Mixed Platforms.ActiveCfg = Release|Any CPU
		{F6B722E8-1E1E-4A00-A6AC-5BB4FB10E679}.Release|Mixed Platforms.Build.0 = Release|Any CPU
		{F6B722E8-1E1E-4A00-A6AC-5BB4FB10E679}.Release|x64.ActiveCfg = Release|Any CPU
		{F6B722E8-1E1E-4A00-A6AC-5BB4FB10E679}.Release|x64.Build.0 = Release|Any CPU
		{F6B722E8-1E1E-4A00-A6AC-5BB4FB10E679}.Release|x86.ActiveCfg = Release|Any CPU
		{F6B722E8-1E1E-4A00-A6AC-5BB4FB10E679}.Release|x86.Build.0 = Release|Any CPU
		{886C60FB-EDBD-4C3E-8D00-418579E24794}.Debug|Any CPU.ActiveCfg = Debug|Any CPU
		{886C60FB-EDBD-4C3E-8D00-418579E24794}.Debug|Any CPU.Build.0 = Debug|Any CPU
		{886C60FB-EDBD-4C3E-8D00-418579E24794}.Debug|ARM.ActiveCfg = Debug|Any CPU
		{886C60FB-EDBD-4C3E-8D00-418579E24794}.Debug|ARM.Build.0 = Debug|Any CPU
		{886C60FB-EDBD-4C3E-8D00-418579E24794}.Debug|Mixed Platforms.ActiveCfg = Debug|Any CPU
		{886C60FB-EDBD-4C3E-8D00-418579E24794}.Debug|Mixed Platforms.Build.0 = Debug|Any CPU
		{886C60FB-EDBD-4C3E-8D00-418579E24794}.Debug|x64.ActiveCfg = Debug|Any CPU
		{886C60FB-EDBD-4C3E-8D00-418579E24794}.Debug|x64.Build.0 = Debug|Any CPU
		{886C60FB-EDBD-4C3E-8D00-418579E24794}.Debug|x86.ActiveCfg = Debug|Any CPU
		{886C60FB-EDBD-4C3E-8D00-418579E24794}.Debug|x86.Build.0 = Debug|Any CPU
		{886C60FB-EDBD-4C3E-8D00-418579E24794}.Release|Any CPU.ActiveCfg = Release|Any CPU
		{886C60FB-EDBD-4C3E-8D00-418579E24794}.Release|Any CPU.Build.0 = Release|Any CPU
		{886C60FB-EDBD-4C3E-8D00-418579E24794}.Release|ARM.ActiveCfg = Release|Any CPU
		{886C60FB-EDBD-4C3E-8D00-418579E24794}.Release|ARM.Build.0 = Release|Any CPU
		{886C60FB-EDBD-4C3E-8D00-418579E24794}.Release|Mixed Platforms.ActiveCfg = Release|Any CPU
		{886C60FB-EDBD-4C3E-8D00-418579E24794}.Release|Mixed Platforms.Build.0 = Release|Any CPU
		{886C60FB-EDBD-4C3E-8D00-418579E24794}.Release|x64.ActiveCfg = Release|Any CPU
		{886C60FB-EDBD-4C3E-8D00-418579E24794}.Release|x64.Build.0 = Release|Any CPU
		{886C60FB-EDBD-4C3E-8D00-418579E24794}.Release|x86.ActiveCfg = Release|Any CPU
		{886C60FB-EDBD-4C3E-8D00-418579E24794}.Release|x86.Build.0 = Release|Any CPU
		{2965541D-1A12-47EB-BC37-B0372B163501}.Debug|Any CPU.ActiveCfg = Debug|Any CPU
		{2965541D-1A12-47EB-BC37-B0372B163501}.Debug|Any CPU.Build.0 = Debug|Any CPU
		{2965541D-1A12-47EB-BC37-B0372B163501}.Debug|ARM.ActiveCfg = Debug|Any CPU
		{2965541D-1A12-47EB-BC37-B0372B163501}.Debug|ARM.Build.0 = Debug|Any CPU
		{2965541D-1A12-47EB-BC37-B0372B163501}.Debug|Mixed Platforms.ActiveCfg = Debug|Any CPU
		{2965541D-1A12-47EB-BC37-B0372B163501}.Debug|Mixed Platforms.Build.0 = Debug|Any CPU
		{2965541D-1A12-47EB-BC37-B0372B163501}.Debug|x64.ActiveCfg = Debug|Any CPU
		{2965541D-1A12-47EB-BC37-B0372B163501}.Debug|x64.Build.0 = Debug|Any CPU
		{2965541D-1A12-47EB-BC37-B0372B163501}.Debug|x86.ActiveCfg = Debug|Any CPU
		{2965541D-1A12-47EB-BC37-B0372B163501}.Debug|x86.Build.0 = Debug|Any CPU
		{2965541D-1A12-47EB-BC37-B0372B163501}.Release|Any CPU.ActiveCfg = Release|Any CPU
		{2965541D-1A12-47EB-BC37-B0372B163501}.Release|Any CPU.Build.0 = Release|Any CPU
		{2965541D-1A12-47EB-BC37-B0372B163501}.Release|ARM.ActiveCfg = Release|Any CPU
		{2965541D-1A12-47EB-BC37-B0372B163501}.Release|ARM.Build.0 = Release|Any CPU
		{2965541D-1A12-47EB-BC37-B0372B163501}.Release|Mixed Platforms.ActiveCfg = Release|Any CPU
		{2965541D-1A12-47EB-BC37-B0372B163501}.Release|Mixed Platforms.Build.0 = Release|Any CPU
		{2965541D-1A12-47EB-BC37-B0372B163501}.Release|x64.ActiveCfg = Release|Any CPU
		{2965541D-1A12-47EB-BC37-B0372B163501}.Release|x64.Build.0 = Release|Any CPU
		{2965541D-1A12-47EB-BC37-B0372B163501}.Release|x86.ActiveCfg = Release|Any CPU
		{2965541D-1A12-47EB-BC37-B0372B163501}.Release|x86.Build.0 = Release|Any CPU
		{7E3611EE-B983-467A-AEA2-A85EEC06FAA8}.Debug|Any CPU.ActiveCfg = Debug|Any CPU
		{7E3611EE-B983-467A-AEA2-A85EEC06FAA8}.Debug|Any CPU.Build.0 = Debug|Any CPU
		{7E3611EE-B983-467A-AEA2-A85EEC06FAA8}.Debug|ARM.ActiveCfg = Debug|Any CPU
		{7E3611EE-B983-467A-AEA2-A85EEC06FAA8}.Debug|ARM.Build.0 = Debug|Any CPU
		{7E3611EE-B983-467A-AEA2-A85EEC06FAA8}.Debug|Mixed Platforms.ActiveCfg = Debug|Any CPU
		{7E3611EE-B983-467A-AEA2-A85EEC06FAA8}.Debug|Mixed Platforms.Build.0 = Debug|Any CPU
		{7E3611EE-B983-467A-AEA2-A85EEC06FAA8}.Debug|x64.ActiveCfg = Debug|Any CPU
		{7E3611EE-B983-467A-AEA2-A85EEC06FAA8}.Debug|x64.Build.0 = Debug|Any CPU
		{7E3611EE-B983-467A-AEA2-A85EEC06FAA8}.Debug|x86.ActiveCfg = Debug|Any CPU
		{7E3611EE-B983-467A-AEA2-A85EEC06FAA8}.Debug|x86.Build.0 = Debug|Any CPU
		{7E3611EE-B983-467A-AEA2-A85EEC06FAA8}.Release|Any CPU.ActiveCfg = Release|Any CPU
		{7E3611EE-B983-467A-AEA2-A85EEC06FAA8}.Release|Any CPU.Build.0 = Release|Any CPU
		{7E3611EE-B983-467A-AEA2-A85EEC06FAA8}.Release|ARM.ActiveCfg = Release|Any CPU
		{7E3611EE-B983-467A-AEA2-A85EEC06FAA8}.Release|ARM.Build.0 = Release|Any CPU
		{7E3611EE-B983-467A-AEA2-A85EEC06FAA8}.Release|Mixed Platforms.ActiveCfg = Release|Any CPU
		{7E3611EE-B983-467A-AEA2-A85EEC06FAA8}.Release|Mixed Platforms.Build.0 = Release|Any CPU
		{7E3611EE-B983-467A-AEA2-A85EEC06FAA8}.Release|x64.ActiveCfg = Release|Any CPU
		{7E3611EE-B983-467A-AEA2-A85EEC06FAA8}.Release|x64.Build.0 = Release|Any CPU
		{7E3611EE-B983-467A-AEA2-A85EEC06FAA8}.Release|x86.ActiveCfg = Release|Any CPU
		{7E3611EE-B983-467A-AEA2-A85EEC06FAA8}.Release|x86.Build.0 = Release|Any CPU
		{75CDDD63-D052-444D-8203-3807ABD66A0E}.Debug|Any CPU.ActiveCfg = Debug|Any CPU
		{75CDDD63-D052-444D-8203-3807ABD66A0E}.Debug|Any CPU.Build.0 = Debug|Any CPU
		{75CDDD63-D052-444D-8203-3807ABD66A0E}.Debug|ARM.ActiveCfg = Debug|Any CPU
		{75CDDD63-D052-444D-8203-3807ABD66A0E}.Debug|ARM.Build.0 = Debug|Any CPU
		{75CDDD63-D052-444D-8203-3807ABD66A0E}.Debug|Mixed Platforms.ActiveCfg = Debug|Any CPU
		{75CDDD63-D052-444D-8203-3807ABD66A0E}.Debug|Mixed Platforms.Build.0 = Debug|Any CPU
		{75CDDD63-D052-444D-8203-3807ABD66A0E}.Debug|x64.ActiveCfg = Debug|Any CPU
		{75CDDD63-D052-444D-8203-3807ABD66A0E}.Debug|x64.Build.0 = Debug|Any CPU
		{75CDDD63-D052-444D-8203-3807ABD66A0E}.Debug|x86.ActiveCfg = Debug|Any CPU
		{75CDDD63-D052-444D-8203-3807ABD66A0E}.Debug|x86.Build.0 = Debug|Any CPU
		{75CDDD63-D052-444D-8203-3807ABD66A0E}.Release|Any CPU.ActiveCfg = Release|Any CPU
		{75CDDD63-D052-444D-8203-3807ABD66A0E}.Release|Any CPU.Build.0 = Release|Any CPU
		{75CDDD63-D052-444D-8203-3807ABD66A0E}.Release|ARM.ActiveCfg = Release|Any CPU
		{75CDDD63-D052-444D-8203-3807ABD66A0E}.Release|ARM.Build.0 = Release|Any CPU
		{75CDDD63-D052-444D-8203-3807ABD66A0E}.Release|Mixed Platforms.ActiveCfg = Release|Any CPU
		{75CDDD63-D052-444D-8203-3807ABD66A0E}.Release|Mixed Platforms.Build.0 = Release|Any CPU
		{75CDDD63-D052-444D-8203-3807ABD66A0E}.Release|x64.ActiveCfg = Release|Any CPU
		{75CDDD63-D052-444D-8203-3807ABD66A0E}.Release|x64.Build.0 = Release|Any CPU
		{75CDDD63-D052-444D-8203-3807ABD66A0E}.Release|x86.ActiveCfg = Release|Any CPU
		{75CDDD63-D052-444D-8203-3807ABD66A0E}.Release|x86.Build.0 = Release|Any CPU
	EndGlobalSection
	GlobalSection(SolutionProperties) = preSolution
		HideSolutionNode = FALSE
	EndGlobalSection
	GlobalSection(NestedProjects) = preSolution
		{DC5113AC-E6A3-4BA1-92A0-E6981563AB7A} = {517E25E4-E92C-4E76-8C58-79FB130B6CD4}
		{22CF968A-8796-4F24-BAE6-20D05650F5F2} = {107292D9-FB47-471C-A651-BADCD72CB7CA}
		{C2833223-E4B1-418D-9668-D8DC53213FCA} = {517E25E4-E92C-4E76-8C58-79FB130B6CD4}
		{517E25E4-E92C-4E76-8C58-79FB130B6CD4} = {A880AB6B-6874-4D18-B8FB-0A48B5AD9641}
		{D631B7B0-E263-4EF0-8749-9EB9B1AFE0C8} = {9A63239D-4816-4C82-B408-AAB6B0D5FE39}
		{4E76A573-00FF-4DDB-88EB-B6B32A1D950B} = {D631B7B0-E263-4EF0-8749-9EB9B1AFE0C8}
		{CFCE545E-BDCE-4442-B76F-507F75389931} = {9A63239D-4816-4C82-B408-AAB6B0D5FE39}
		{17375DDC-753B-42E8-B14F-6C3DFE9C5A34} = {CFCE545E-BDCE-4442-B76F-507F75389931}
		{05BBD5A2-6DCD-4AF7-8179-471632FD7DFF} = {C5921E6D-635D-4D9B-A1C2-C84661D66CD4}
		{04854FCF-4AD8-49CC-AA83-ABBF07F278BD} = {C2833223-E4B1-418D-9668-D8DC53213FCA}
		{A5B5880A-7085-4EDB-92B9-B409CBF582A1} = {C2833223-E4B1-418D-9668-D8DC53213FCA}
		{CCD8612F-2E96-491A-837E-A7727F98B855} = {C5921E6D-635D-4D9B-A1C2-C84661D66CD4}
		{221450C3-C1E4-46B7-83BF-0F5C69C4EAC6} = {C2833223-E4B1-418D-9668-D8DC53213FCA}
		{F419F5EA-5DED-481A-ABE7-E63DF46CC459} = {2702C852-B39A-4DCE-8EF5-15E6D2406E8C}
		{8CE280D1-9A5A-4B53-913B-0BCB5ED22889} = {586D654D-2A99-4800-9347-6CC782DFE47E}
		{586D654D-2A99-4800-9347-6CC782DFE47E} = {2702C852-B39A-4DCE-8EF5-15E6D2406E8C}
		{CD0CEE42-965E-45C9-8507-322F2BC60CC1} = {586D654D-2A99-4800-9347-6CC782DFE47E}
		{47772B71-4AB0-4FDE-99D1-B021B6236950} = {2702C852-B39A-4DCE-8EF5-15E6D2406E8C}
		{B1C81F82-FF50-4441-A8BD-EF04C20F5967} = {47772B71-4AB0-4FDE-99D1-B021B6236950}
		{2A82496D-632A-48EF-990A-DFF510FD197A} = {47772B71-4AB0-4FDE-99D1-B021B6236950}
		{776099A3-B775-4795-A5DB-7A2730E94875} = {B1C81F82-FF50-4441-A8BD-EF04C20F5967}
		{F6B722E8-1E1E-4A00-A6AC-5BB4FB10E679} = {8CE280D1-9A5A-4B53-913B-0BCB5ED22889}
		{886C60FB-EDBD-4C3E-8D00-418579E24794} = {CD0CEE42-965E-45C9-8507-322F2BC60CC1}
		{2965541D-1A12-47EB-BC37-B0372B163501} = {2A82496D-632A-48EF-990A-DFF510FD197A}
		{7E3611EE-B983-467A-AEA2-A85EEC06FAA8} = {F419F5EA-5DED-481A-ABE7-E63DF46CC459}
		{75CDDD63-D052-444D-8203-3807ABD66A0E} = {C2833223-E4B1-418D-9668-D8DC53213FCA}
	EndGlobalSection
	GlobalSection(ExtensibilityGlobals) = postSolution
		SolutionGuid = {F797AABC-8531-4C0F-A9B1-185EB41AD009}
	EndGlobalSection
EndGlobal
