
Microsoft Visual Studio Solution File, Format Version 12.00
# Visual Studio 2012
Project("{FAE04EC0-301F-11D3-BF4B-00C04F79EFBC}") = "CommonCode", "CommonCode\CommonCode.csproj", "{4D755FF7-84F5-4D29-A771-55F520F87814}"
EndProject
Project("{FAE04EC0-301F-11D3-BF4B-00C04F79EFBC}") = "MVVMSidekick", "MVVMSidekick\MVVMSidekick.csproj", "{0D9DA5FB-BBFA-46AC-9C18-1253684A7C9A}"
EndProject
Project("{FAE04EC0-301F-11D3-BF4B-00C04F79EFBC}") = "MVVMSidekick_Metro", "MVVMSidekick_Metro\MVVMSidekick_Metro.csproj", "{F69407B0-9503-4242-85C4-C0B9BE28A73F}"
EndProject
Project("{FAE04EC0-301F-11D3-BF4B-00C04F79EFBC}") = "MVVMSidekick_Sl", "MVVMSidekick_Sl\MVVMSidekick_Sl.csproj", "{C7B975FC-9323-4E05-AF3D-194C63AF8D34}"
EndProject
Project("{FAE04EC0-301F-11D3-BF4B-00C04F79EFBC}") = "MVVMSidekick_Wp8", "MVVMSidekick_Wp8\MVVMSidekick_Wp8.csproj", "{CC92E8D7-34E8-4A48-BE01-6F3F5C478604}"
EndProject
Project("{2150E333-8FDC-42A3-9474-1A3956D46DE8}") = "Samples", "Samples", "{4BFB20FA-7B02-4B64-96FA-93940A4370DB}"
EndProject
Project("{FAE04EC0-301F-11D3-BF4B-00C04F79EFBC}") = "Samples_ViewModels", "Samples_ViewModels\Samples_ViewModels.csproj", "{330BF7A4-89B5-4F0D-A95C-7BD91EDFBEF8}"
EndProject
Project("{FAE04EC0-301F-11D3-BF4B-00C04F79EFBC}") = "Samples_WinRT", "Samples_WinRT\Samples_WinRT.csproj", "{D13C4695-7509-47B2-8C51-C1710B22975E}"
EndProject
Project("{FAE04EC0-301F-11D3-BF4B-00C04F79EFBC}") = "Samples_WP8", "Samples_WP8\Samples_WP8.csproj", "{9C99A036-5EE4-4CB4-B25C-19C6D9E5D8E0}"
EndProject
Project("{FAE04EC0-301F-11D3-BF4B-00C04F79EFBC}") = "Samples_WPF", "Samples_WPF\Samples_WPF.csproj", "{6EE6F7D9-39E8-43B0-8712-BA29633D40D7}"
EndProject
Project("{2150E333-8FDC-42A3-9474-1A3956D46DE8}") = "ViewModels", "ViewModels", "{12960F01-0D4C-46C0-A682-5F6DA69B7D3D}"
EndProject
Project("{FAE04EC0-301F-11D3-BF4B-00C04F79EFBC}") = "Samples_SL5", "Samples_SL5\Samples_SL5.csproj", "{1E40FF46-5895-4C26-82C9-590EFB004B62}"
EndProject
Project("{2150E333-8FDC-42A3-9474-1A3956D46DE8}") = "Nuget", "Nuget", "{A880AB6B-6874-4D18-B8FB-0A48B5AD9641}"
EndProject
Project("{FAE04EC0-301F-11D3-BF4B-00C04F79EFBC}") = "MVVM-Sidekick", "Nuget\MVVM-Sidekick\MVVM-Sidekick.csproj", "{DC5113AC-E6A3-4BA1-92A0-E6981563AB7A}"
	ProjectSection(ProjectDependencies) = postProject
		{F69407B0-9503-4242-85C4-C0B9BE28A73F} = {F69407B0-9503-4242-85C4-C0B9BE28A73F}
		{CC92E8D7-34E8-4A48-BE01-6F3F5C478604} = {CC92E8D7-34E8-4A48-BE01-6F3F5C478604}
		{0D9DA5FB-BBFA-46AC-9C18-1253684A7C9A} = {0D9DA5FB-BBFA-46AC-9C18-1253684A7C9A}
		{C7B975FC-9323-4E05-AF3D-194C63AF8D34} = {C7B975FC-9323-4E05-AF3D-194C63AF8D34}
	EndProjectSection
EndProject
Global
	GlobalSection(SolutionConfigurationPlatforms) = preSolution
		Debug|Any CPU = Debug|Any CPU
		Debug|ARM = Debug|ARM
		Debug|x64 = Debug|x64
		Debug|x86 = Debug|x86
		Release|Any CPU = Release|Any CPU
		Release|ARM = Release|ARM
		Release|x64 = Release|x64
		Release|x86 = Release|x86
	EndGlobalSection
	GlobalSection(ProjectConfigurationPlatforms) = postSolution
		{4D755FF7-84F5-4D29-A771-55F520F87814}.Debug|Any CPU.ActiveCfg = Debug|Any CPU
		{4D755FF7-84F5-4D29-A771-55F520F87814}.Debug|Any CPU.Build.0 = Debug|Any CPU
		{4D755FF7-84F5-4D29-A771-55F520F87814}.Debug|ARM.ActiveCfg = Debug|Any CPU
		{4D755FF7-84F5-4D29-A771-55F520F87814}.Debug|x64.ActiveCfg = Debug|Any CPU
		{4D755FF7-84F5-4D29-A771-55F520F87814}.Debug|x86.ActiveCfg = Debug|Any CPU
		{4D755FF7-84F5-4D29-A771-55F520F87814}.Release|Any CPU.ActiveCfg = Release|Any CPU
		{4D755FF7-84F5-4D29-A771-55F520F87814}.Release|Any CPU.Build.0 = Release|Any CPU
		{4D755FF7-84F5-4D29-A771-55F520F87814}.Release|ARM.ActiveCfg = Release|Any CPU
		{4D755FF7-84F5-4D29-A771-55F520F87814}.Release|x64.ActiveCfg = Release|Any CPU
		{4D755FF7-84F5-4D29-A771-55F520F87814}.Release|x86.ActiveCfg = Release|Any CPU
		{0D9DA5FB-BBFA-46AC-9C18-1253684A7C9A}.Debug|Any CPU.ActiveCfg = Debug|Any CPU
		{0D9DA5FB-BBFA-46AC-9C18-1253684A7C9A}.Debug|Any CPU.Build.0 = Debug|Any CPU
		{0D9DA5FB-BBFA-46AC-9C18-1253684A7C9A}.Debug|ARM.ActiveCfg = Debug|Any CPU
		{0D9DA5FB-BBFA-46AC-9C18-1253684A7C9A}.Debug|x64.ActiveCfg = Debug|Any CPU
		{0D9DA5FB-BBFA-46AC-9C18-1253684A7C9A}.Debug|x86.ActiveCfg = Debug|Any CPU
		{0D9DA5FB-BBFA-46AC-9C18-1253684A7C9A}.Release|Any CPU.ActiveCfg = Release|Any CPU
		{0D9DA5FB-BBFA-46AC-9C18-1253684A7C9A}.Release|Any CPU.Build.0 = Release|Any CPU
		{0D9DA5FB-BBFA-46AC-9C18-1253684A7C9A}.Release|ARM.ActiveCfg = Release|Any CPU
		{0D9DA5FB-BBFA-46AC-9C18-1253684A7C9A}.Release|x64.ActiveCfg = Release|Any CPU
		{0D9DA5FB-BBFA-46AC-9C18-1253684A7C9A}.Release|x86.ActiveCfg = Release|Any CPU
		{F69407B0-9503-4242-85C4-C0B9BE28A73F}.Debug|Any CPU.ActiveCfg = Debug|Any CPU
		{F69407B0-9503-4242-85C4-C0B9BE28A73F}.Debug|Any CPU.Build.0 = Debug|Any CPU
		{F69407B0-9503-4242-85C4-C0B9BE28A73F}.Debug|ARM.ActiveCfg = Debug|ARM
		{F69407B0-9503-4242-85C4-C0B9BE28A73F}.Debug|ARM.Build.0 = Debug|ARM
		{F69407B0-9503-4242-85C4-C0B9BE28A73F}.Debug|x64.ActiveCfg = Debug|x64
		{F69407B0-9503-4242-85C4-C0B9BE28A73F}.Debug|x64.Build.0 = Debug|x64
		{F69407B0-9503-4242-85C4-C0B9BE28A73F}.Debug|x86.ActiveCfg = Debug|x86
		{F69407B0-9503-4242-85C4-C0B9BE28A73F}.Debug|x86.Build.0 = Debug|x86
		{F69407B0-9503-4242-85C4-C0B9BE28A73F}.Release|Any CPU.ActiveCfg = Release|Any CPU
		{F69407B0-9503-4242-85C4-C0B9BE28A73F}.Release|Any CPU.Build.0 = Release|Any CPU
		{F69407B0-9503-4242-85C4-C0B9BE28A73F}.Release|ARM.ActiveCfg = Release|ARM
		{F69407B0-9503-4242-85C4-C0B9BE28A73F}.Release|ARM.Build.0 = Release|ARM
		{F69407B0-9503-4242-85C4-C0B9BE28A73F}.Release|x64.ActiveCfg = Release|x64
		{F69407B0-9503-4242-85C4-C0B9BE28A73F}.Release|x64.Build.0 = Release|x64
		{F69407B0-9503-4242-85C4-C0B9BE28A73F}.Release|x86.ActiveCfg = Release|x86
		{F69407B0-9503-4242-85C4-C0B9BE28A73F}.Release|x86.Build.0 = Release|x86
		{C7B975FC-9323-4E05-AF3D-194C63AF8D34}.Debug|Any CPU.ActiveCfg = Debug|Any CPU
		{C7B975FC-9323-4E05-AF3D-194C63AF8D34}.Debug|Any CPU.Build.0 = Debug|Any CPU
		{C7B975FC-9323-4E05-AF3D-194C63AF8D34}.Debug|ARM.ActiveCfg = Debug|Any CPU
		{C7B975FC-9323-4E05-AF3D-194C63AF8D34}.Debug|x64.ActiveCfg = Debug|Any CPU
		{C7B975FC-9323-4E05-AF3D-194C63AF8D34}.Debug|x86.ActiveCfg = Debug|Any CPU
		{C7B975FC-9323-4E05-AF3D-194C63AF8D34}.Release|Any CPU.ActiveCfg = Release|Any CPU
		{C7B975FC-9323-4E05-AF3D-194C63AF8D34}.Release|Any CPU.Build.0 = Release|Any CPU
		{C7B975FC-9323-4E05-AF3D-194C63AF8D34}.Release|ARM.ActiveCfg = Release|Any CPU
		{C7B975FC-9323-4E05-AF3D-194C63AF8D34}.Release|x64.ActiveCfg = Release|Any CPU
		{C7B975FC-9323-4E05-AF3D-194C63AF8D34}.Release|x86.ActiveCfg = Release|Any CPU
		{CC92E8D7-34E8-4A48-BE01-6F3F5C478604}.Debug|Any CPU.ActiveCfg = Debug|Any CPU
		{CC92E8D7-34E8-4A48-BE01-6F3F5C478604}.Debug|Any CPU.Build.0 = Debug|Any CPU
		{CC92E8D7-34E8-4A48-BE01-6F3F5C478604}.Debug|ARM.ActiveCfg = Debug|ARM
		{CC92E8D7-34E8-4A48-BE01-6F3F5C478604}.Debug|ARM.Build.0 = Debug|ARM
		{CC92E8D7-34E8-4A48-BE01-6F3F5C478604}.Debug|x64.ActiveCfg = Debug|Any CPU
		{CC92E8D7-34E8-4A48-BE01-6F3F5C478604}.Debug|x86.ActiveCfg = Debug|x86
		{CC92E8D7-34E8-4A48-BE01-6F3F5C478604}.Debug|x86.Build.0 = Debug|x86
		{CC92E8D7-34E8-4A48-BE01-6F3F5C478604}.Release|Any CPU.ActiveCfg = Release|Any CPU
		{CC92E8D7-34E8-4A48-BE01-6F3F5C478604}.Release|Any CPU.Build.0 = Release|Any CPU
		{CC92E8D7-34E8-4A48-BE01-6F3F5C478604}.Release|ARM.ActiveCfg = Release|ARM
		{CC92E8D7-34E8-4A48-BE01-6F3F5C478604}.Release|ARM.Build.0 = Release|ARM
		{CC92E8D7-34E8-4A48-BE01-6F3F5C478604}.Release|x64.ActiveCfg = Release|Any CPU
		{CC92E8D7-34E8-4A48-BE01-6F3F5C478604}.Release|x86.ActiveCfg = Release|x86
		{CC92E8D7-34E8-4A48-BE01-6F3F5C478604}.Release|x86.Build.0 = Release|x86
		{330BF7A4-89B5-4F0D-A95C-7BD91EDFBEF8}.Debug|Any CPU.ActiveCfg = Debug|Any CPU
		{330BF7A4-89B5-4F0D-A95C-7BD91EDFBEF8}.Debug|Any CPU.Build.0 = Debug|Any CPU
		{330BF7A4-89B5-4F0D-A95C-7BD91EDFBEF8}.Debug|ARM.ActiveCfg = Debug|Any CPU
		{330BF7A4-89B5-4F0D-A95C-7BD91EDFBEF8}.Debug|x64.ActiveCfg = Debug|Any CPU
		{330BF7A4-89B5-4F0D-A95C-7BD91EDFBEF8}.Debug|x86.ActiveCfg = Debug|Any CPU
		{330BF7A4-89B5-4F0D-A95C-7BD91EDFBEF8}.Release|Any CPU.ActiveCfg = Release|Any CPU
		{330BF7A4-89B5-4F0D-A95C-7BD91EDFBEF8}.Release|Any CPU.Build.0 = Release|Any CPU
		{330BF7A4-89B5-4F0D-A95C-7BD91EDFBEF8}.Release|ARM.ActiveCfg = Release|Any CPU
		{330BF7A4-89B5-4F0D-A95C-7BD91EDFBEF8}.Release|x64.ActiveCfg = Release|Any CPU
		{330BF7A4-89B5-4F0D-A95C-7BD91EDFBEF8}.Release|x86.ActiveCfg = Release|Any CPU
		{D13C4695-7509-47B2-8C51-C1710B22975E}.Debug|Any CPU.ActiveCfg = Debug|Any CPU
		{D13C4695-7509-47B2-8C51-C1710B22975E}.Debug|Any CPU.Build.0 = Debug|Any CPU
		{D13C4695-7509-47B2-8C51-C1710B22975E}.Debug|Any CPU.Deploy.0 = Debug|Any CPU
		{D13C4695-7509-47B2-8C51-C1710B22975E}.Debug|ARM.ActiveCfg = Debug|ARM
		{D13C4695-7509-47B2-8C51-C1710B22975E}.Debug|ARM.Build.0 = Debug|ARM
		{D13C4695-7509-47B2-8C51-C1710B22975E}.Debug|ARM.Deploy.0 = Debug|ARM
		{D13C4695-7509-47B2-8C51-C1710B22975E}.Debug|x64.ActiveCfg = Debug|x64
		{D13C4695-7509-47B2-8C51-C1710B22975E}.Debug|x64.Build.0 = Debug|x64
		{D13C4695-7509-47B2-8C51-C1710B22975E}.Debug|x64.Deploy.0 = Debug|x64
		{D13C4695-7509-47B2-8C51-C1710B22975E}.Debug|x86.ActiveCfg = Debug|x86
		{D13C4695-7509-47B2-8C51-C1710B22975E}.Debug|x86.Build.0 = Debug|x86
		{D13C4695-7509-47B2-8C51-C1710B22975E}.Debug|x86.Deploy.0 = Debug|x86
		{D13C4695-7509-47B2-8C51-C1710B22975E}.Release|Any CPU.ActiveCfg = Release|Any CPU
		{D13C4695-7509-47B2-8C51-C1710B22975E}.Release|Any CPU.Build.0 = Release|Any CPU
		{D13C4695-7509-47B2-8C51-C1710B22975E}.Release|Any CPU.Deploy.0 = Release|Any CPU
		{D13C4695-7509-47B2-8C51-C1710B22975E}.Release|ARM.ActiveCfg = Release|ARM
		{D13C4695-7509-47B2-8C51-C1710B22975E}.Release|ARM.Build.0 = Release|ARM
		{D13C4695-7509-47B2-8C51-C1710B22975E}.Release|ARM.Deploy.0 = Release|ARM
		{D13C4695-7509-47B2-8C51-C1710B22975E}.Release|x64.ActiveCfg = Release|x64
		{D13C4695-7509-47B2-8C51-C1710B22975E}.Release|x64.Build.0 = Release|x64
		{D13C4695-7509-47B2-8C51-C1710B22975E}.Release|x64.Deploy.0 = Release|x64
		{D13C4695-7509-47B2-8C51-C1710B22975E}.Release|x86.ActiveCfg = Release|x86
		{D13C4695-7509-47B2-8C51-C1710B22975E}.Release|x86.Build.0 = Release|x86
		{D13C4695-7509-47B2-8C51-C1710B22975E}.Release|x86.Deploy.0 = Release|x86
		{9C99A036-5EE4-4CB4-B25C-19C6D9E5D8E0}.Debug|Any CPU.ActiveCfg = Debug|Any CPU
		{9C99A036-5EE4-4CB4-B25C-19C6D9E5D8E0}.Debug|Any CPU.Build.0 = Debug|Any CPU
		{9C99A036-5EE4-4CB4-B25C-19C6D9E5D8E0}.Debug|Any CPU.Deploy.0 = Debug|Any CPU
		{9C99A036-5EE4-4CB4-B25C-19C6D9E5D8E0}.Debug|ARM.ActiveCfg = Debug|ARM
		{9C99A036-5EE4-4CB4-B25C-19C6D9E5D8E0}.Debug|ARM.Build.0 = Debug|ARM
		{9C99A036-5EE4-4CB4-B25C-19C6D9E5D8E0}.Debug|ARM.Deploy.0 = Debug|ARM
		{9C99A036-5EE4-4CB4-B25C-19C6D9E5D8E0}.Debug|x64.ActiveCfg = Debug|Any CPU
		{9C99A036-5EE4-4CB4-B25C-19C6D9E5D8E0}.Debug|x86.ActiveCfg = Debug|x86
		{9C99A036-5EE4-4CB4-B25C-19C6D9E5D8E0}.Debug|x86.Build.0 = Debug|x86
		{9C99A036-5EE4-4CB4-B25C-19C6D9E5D8E0}.Debug|x86.Deploy.0 = Debug|x86
		{9C99A036-5EE4-4CB4-B25C-19C6D9E5D8E0}.Release|Any CPU.ActiveCfg = Release|Any CPU
		{9C99A036-5EE4-4CB4-B25C-19C6D9E5D8E0}.Release|Any CPU.Build.0 = Release|Any CPU
		{9C99A036-5EE4-4CB4-B25C-19C6D9E5D8E0}.Release|Any CPU.Deploy.0 = Release|Any CPU
		{9C99A036-5EE4-4CB4-B25C-19C6D9E5D8E0}.Release|ARM.ActiveCfg = Release|ARM
		{9C99A036-5EE4-4CB4-B25C-19C6D9E5D8E0}.Release|ARM.Build.0 = Release|ARM
		{9C99A036-5EE4-4CB4-B25C-19C6D9E5D8E0}.Release|ARM.Deploy.0 = Release|ARM
		{9C99A036-5EE4-4CB4-B25C-19C6D9E5D8E0}.Release|x64.ActiveCfg = Release|Any CPU
		{9C99A036-5EE4-4CB4-B25C-19C6D9E5D8E0}.Release|x86.ActiveCfg = Release|x86
		{9C99A036-5EE4-4CB4-B25C-19C6D9E5D8E0}.Release|x86.Build.0 = Release|x86
		{9C99A036-5EE4-4CB4-B25C-19C6D9E5D8E0}.Release|x86.Deploy.0 = Release|x86
		{6EE6F7D9-39E8-43B0-8712-BA29633D40D7}.Debug|Any CPU.ActiveCfg = Debug|Any CPU
		{6EE6F7D9-39E8-43B0-8712-BA29633D40D7}.Debug|Any CPU.Build.0 = Debug|Any CPU
		{6EE6F7D9-39E8-43B0-8712-BA29633D40D7}.Debug|ARM.ActiveCfg = Debug|Any CPU
		{6EE6F7D9-39E8-43B0-8712-BA29633D40D7}.Debug|x64.ActiveCfg = Debug|Any CPU
		{6EE6F7D9-39E8-43B0-8712-BA29633D40D7}.Debug|x86.ActiveCfg = Debug|Any CPU
		{6EE6F7D9-39E8-43B0-8712-BA29633D40D7}.Release|Any CPU.ActiveCfg = Release|Any CPU
		{6EE6F7D9-39E8-43B0-8712-BA29633D40D7}.Release|Any CPU.Build.0 = Release|Any CPU
		{6EE6F7D9-39E8-43B0-8712-BA29633D40D7}.Release|ARM.ActiveCfg = Release|Any CPU
		{6EE6F7D9-39E8-43B0-8712-BA29633D40D7}.Release|x64.ActiveCfg = Release|Any CPU
		{6EE6F7D9-39E8-43B0-8712-BA29633D40D7}.Release|x86.ActiveCfg = Release|Any CPU
		{1E40FF46-5895-4C26-82C9-590EFB004B62}.Debug|Any CPU.ActiveCfg = Debug|Any CPU
		{1E40FF46-5895-4C26-82C9-590EFB004B62}.Debug|Any CPU.Build.0 = Debug|Any CPU
		{1E40FF46-5895-4C26-82C9-590EFB004B62}.Debug|ARM.ActiveCfg = Debug|Any CPU
		{1E40FF46-5895-4C26-82C9-590EFB004B62}.Debug|x64.ActiveCfg = Debug|Any CPU
		{1E40FF46-5895-4C26-82C9-590EFB004B62}.Debug|x86.ActiveCfg = Debug|Any CPU
		{1E40FF46-5895-4C26-82C9-590EFB004B62}.Release|Any CPU.ActiveCfg = Release|Any CPU
		{1E40FF46-5895-4C26-82C9-590EFB004B62}.Release|Any CPU.Build.0 = Release|Any CPU
		{1E40FF46-5895-4C26-82C9-590EFB004B62}.Release|ARM.ActiveCfg = Release|Any CPU
		{1E40FF46-5895-4C26-82C9-590EFB004B62}.Release|x64.ActiveCfg = Release|Any CPU
		{1E40FF46-5895-4C26-82C9-590EFB004B62}.Release|x86.ActiveCfg = Release|Any CPU
		{DC5113AC-E6A3-4BA1-92A0-E6981563AB7A}.Debug|Any CPU.ActiveCfg = Debug|Any CPU
		{DC5113AC-E6A3-4BA1-92A0-E6981563AB7A}.Debug|Any CPU.Build.0 = Debug|Any CPU
		{DC5113AC-E6A3-4BA1-92A0-E6981563AB7A}.Debug|ARM.ActiveCfg = Debug|Any CPU
		{DC5113AC-E6A3-4BA1-92A0-E6981563AB7A}.Debug|x64.ActiveCfg = Debug|Any CPU
		{DC5113AC-E6A3-4BA1-92A0-E6981563AB7A}.Debug|x86.ActiveCfg = Debug|Any CPU
		{DC5113AC-E6A3-4BA1-92A0-E6981563AB7A}.Release|Any CPU.ActiveCfg = Release|Any CPU
		{DC5113AC-E6A3-4BA1-92A0-E6981563AB7A}.Release|Any CPU.Build.0 = Release|Any CPU
		{DC5113AC-E6A3-4BA1-92A0-E6981563AB7A}.Release|ARM.ActiveCfg = Release|Any CPU
		{DC5113AC-E6A3-4BA1-92A0-E6981563AB7A}.Release|x64.ActiveCfg = Release|Any CPU
		{DC5113AC-E6A3-4BA1-92A0-E6981563AB7A}.Release|x86.ActiveCfg = Release|Any CPU
	EndGlobalSection
	GlobalSection(SolutionProperties) = preSolution
		HideSolutionNode = FALSE
	EndGlobalSection
	GlobalSection(NestedProjects) = preSolution
		{12960F01-0D4C-46C0-A682-5F6DA69B7D3D} = {4BFB20FA-7B02-4B64-96FA-93940A4370DB}
		{D13C4695-7509-47B2-8C51-C1710B22975E} = {4BFB20FA-7B02-4B64-96FA-93940A4370DB}
		{9C99A036-5EE4-4CB4-B25C-19C6D9E5D8E0} = {4BFB20FA-7B02-4B64-96FA-93940A4370DB}
		{6EE6F7D9-39E8-43B0-8712-BA29633D40D7} = {4BFB20FA-7B02-4B64-96FA-93940A4370DB}
		{1E40FF46-5895-4C26-82C9-590EFB004B62} = {4BFB20FA-7B02-4B64-96FA-93940A4370DB}
		{330BF7A4-89B5-4F0D-A95C-7BD91EDFBEF8} = {12960F01-0D4C-46C0-A682-5F6DA69B7D3D}
		{DC5113AC-E6A3-4BA1-92A0-E6981563AB7A} = {A880AB6B-6874-4D18-B8FB-0A48B5AD9641}
	EndGlobalSection
EndGlobal
